<?xml version="1.0" encoding="utf-8"?>
<Project ToolsVersion="4.0" xmlns="http://schemas.microsoft.com/developer/msbuild/2003">
  <ItemGroup>
    <Filter Include="imgui">
      <UniqueIdentifier>{98fd8278-ddb3-4d98-8824-eb44e3a0e6b1}</UniqueIdentifier>
    </Filter>
    <Filter Include="binding">
      <UniqueIdentifier>{8c7e47fd-fe08-4aca-85f9-17a4bd24705d}</UniqueIdentifier>
    </Filter>
  </ItemGroup>
  <ItemGroup>
    <ClCompile Include="..\..\3rd\imgui\imgui_widgets.cpp">
      <Filter>imgui</Filter>
    </ClCompile>
    <ClCompile Include="..\..\3rd\imgui\imgui.cpp">
      <Filter>imgui</Filter>
    </ClCompile>
    <ClCompile Include="..\..\clibs\imgui\imgui_ant.cpp">
      <Filter>binding</Filter>
    </ClCompile>
    <ClCompile Include="..\..\clibs\imgui\imgui_win32.cpp">
      <Filter>binding</Filter>
    </ClCompile>
    <ClCompile Include="..\..\clibs\imgui\luaimgui.cpp">
      <Filter>binding</Filter>
    </ClCompile>
    <ClCompile Include="..\..\clibs\imgui\imgui_config.cpp">
      <Filter>binding</Filter>
    </ClCompile>
    <ClCompile Include="..\..\3rd\imgui\imgui_draw.cpp">
      <Filter>imgui</Filter>
    </ClCompile>
  </ItemGroup>
  <ItemGroup>
    <ClInclude Include="..\..\clibs\imgui\imgui_config.h">
      <Filter>binding</Filter>
    </ClInclude>
    <ClInclude Include="..\..\3rd\imgui\imgui.h">
      <Filter>imgui</Filter>
    </ClInclude>
    <ClInclude Include="..\..\3rd\imgui\imgui_internal.h">
      <Filter>imgui</Filter>
    </ClInclude>
    <ClInclude Include="..\..\3rd\imgui\imstb_rectpack.h">
      <Filter>imgui</Filter>
    </ClInclude>
    <ClInclude Include="..\..\3rd\imgui\imstb_textedit.h">
      <Filter>imgui</Filter>
    </ClInclude>
    <ClInclude Include="..\..\3rd\imgui\imstb_truetype.h">
      <Filter>imgui</Filter>
    </ClInclude>
    <ClInclude Include="..\..\clibs\imgui\imgui_ant.h">
      <Filter>binding</Filter>
    </ClInclude>
  </ItemGroup>
</Project>