<?xml version="1.0" encoding="utf-8"?>
<Project ToolsVersion="4.0" xmlns="http://schemas.microsoft.com/developer/msbuild/2003">
  <ItemGroup>
    <Filter Include="Resource Files">
      <UniqueIdentifier>{67DA6AB6-F800-4c08-8B7A-83BB121AAD01}</UniqueIdentifier>
      <Extensions>rc;ico;cur;bmp;dlg;rc2;rct;bin;rgs;gif;jpg;jpeg;jpe;resx;tiff;tif;png;wav;mfcribbon-ms</Extensions>
    </Filter>
    <Filter Include="src">
      <UniqueIdentifier>{d25fa408-847a-4a54-89a7-77d57c21072d}</UniqueIdentifier>
    </Filter>
    <Filter Include="src\matrix">
      <UniqueIdentifier>{1bf180c8-5f66-4a7d-9da9-6bad92ac4003}</UniqueIdentifier>
    </Filter>
    <Filter Include="src\matrixex">
      <UniqueIdentifier>{8f7c1918-57b1-4900-938e-edf96502f964}</UniqueIdentifier>
    </Filter>
    <Filter Include="ctrl">
      <UniqueIdentifier>{a9ce2164-27cd-43f3-8a53-6c3a3f990439}</UniqueIdentifier>
    </Filter>
  </ItemGroup>
  <ItemGroup>
    <ClCompile Include="..\..\..\iup\srccontrols\iup_cells.c">
      <Filter>src</Filter>
    </ClCompile>
    <ClCompile Include="..\..\..\iup\srccontrols\iup_controls.c">
      <Filter>src</Filter>
    </ClCompile>
    <ClCompile Include="..\..\..\iup\srccontrols\iup_matrixlist.c">
      <Filter>src</Filter>
    </ClCompile>
    <ClCompile Include="..\..\..\iup\srccontrols\matrix\iupmat_aux.c">
      <Filter>src\matrix</Filter>
    </ClCompile>
    <ClCompile Include="..\..\..\iup\srccontrols\matrix\iupmat_colres.c">
      <Filter>src\matrix</Filter>
    </ClCompile>
    <ClCompile Include="..\..\..\iup\srccontrols\matrix\iupmat_draw.c">
      <Filter>src\matrix</Filter>
    </ClCompile>
    <ClCompile Include="..\..\..\iup\srccontrols\matrix\iupmat_edit.c">
      <Filter>src\matrix</Filter>
    </ClCompile>
    <ClCompile Include="..\..\..\iup\srccontrols\matrix\iupmat_ex.c">
      <Filter>src\matrix</Filter>
    </ClCompile>
    <ClCompile Include="..\..\..\iup\srccontrols\matrix\iupmat_getset.c">
      <Filter>src\matrix</Filter>
    </ClCompile>
    <ClCompile Include="..\..\..\iup\srccontrols\matrix\iupmat_key.c">
      <Filter>src\matrix</Filter>
    </ClCompile>
    <ClCompile Include="..\..\..\iup\srccontrols\matrix\iupmat_mark.c">
      <Filter>src\matrix</Filter>
    </ClCompile>
    <ClCompile Include="..\..\..\iup\srccontrols\matrix\iupmat_mem.c">
      <Filter>src\matrix</Filter>
    </ClCompile>
    <ClCompile Include="..\..\..\iup\srccontrols\matrix\iupmat_mouse.c">
      <Filter>src\matrix</Filter>
    </ClCompile>
    <ClCompile Include="..\..\..\iup\srccontrols\matrix\iupmat_numlc.c">
      <Filter>src\matrix</Filter>
    </ClCompile>
    <ClCompile Include="..\..\..\iup\srccontrols\matrix\iupmat_scroll.c">
      <Filter>src\matrix</Filter>
    </ClCompile>
    <ClCompile Include="..\..\..\iup\srccontrols\matrix\iupmatrix.c">
      <Filter>src\matrix</Filter>
    </ClCompile>
    <ClCompile Include="..\..\..\iup\srccontrols\matrixex\iup_matrixex.c">
      <Filter>src\matrixex</Filter>
    </ClCompile>
    <ClCompile Include="..\..\..\iup\srccontrols\matrixex\iupmatex_busy.c">
      <Filter>src\matrixex</Filter>
    </ClCompile>
    <ClCompile Include="..\..\..\iup\srccontrols\matrixex\iupmatex_clipboard.c">
      <Filter>src\matrixex</Filter>
    </ClCompile>
    <ClCompile Include="..\..\..\iup\srccontrols\matrixex\iupmatex_copy.c">
      <Filter>src\matrixex</Filter>
    </ClCompile>
    <ClCompile Include="..\..\..\iup\srccontrols\matrixex\iupmatex_export.c">
      <Filter>src\matrixex</Filter>
    </ClCompile>
    <ClCompile Include="..\..\..\iup\srccontrols\matrixex\iupmatex_find.c">
      <Filter>src\matrixex</Filter>
    </ClCompile>
    <ClCompile Include="..\..\..\iup\srccontrols\matrixex\iupmatex_sort.c">
      <Filter>src\matrixex</Filter>
    </ClCompile>
    <ClCompile Include="..\..\..\iup\srccontrols\matrixex\iupmatex_undo.c">
      <Filter>src\matrixex</Filter>
    </ClCompile>
    <ClCompile Include="..\..\..\iup\srccontrols\matrixex\iupmatex_units.c">
      <Filter>src\matrixex</Filter>
    </ClCompile>
    <ClCompile Include="..\..\..\iup\srccontrols\matrixex\iupmatex_visible.c">
      <Filter>src\matrixex</Filter>
    </ClCompile>
    <ClCompile Include="..\..\..\iup\srclua5\ctrl\il_matrixlist.c">
      <Filter>ctrl</Filter>
    </ClCompile>
    <ClCompile Include="..\..\..\iup\srclua5\ctrl\il_cells.c">
      <Filter>ctrl</Filter>
    </ClCompile>
    <ClCompile Include="..\..\..\iup\srclua5\ctrl\il_matrix.c">
      <Filter>ctrl</Filter>
    </ClCompile>
    <ClCompile Include="..\..\..\iup\srclua5\ctrl\il_matrixex.c">
      <Filter>ctrl</Filter>
    </ClCompile>
    <ClCompile Include="..\..\..\iup\srclua5\ctrl\iuplua_controls.c">
      <Filter>ctrl</Filter>
    </ClCompile>
    <ClCompile Include="..\..\..\iup\srclua5\ctrl\iuplua_matrix_aux.c">
      <Filter>ctrl</Filter>
    </ClCompile>
  </ItemGroup>
  <ItemGroup>
    <ClInclude Include="..\..\..\iup\srccontrols\iup_controls.h">
      <Filter>src</Filter>
    </ClInclude>
    <ClInclude Include="..\..\..\iup\srccontrols\matrix\iupmat_aux.h">
      <Filter>src\matrix</Filter>
    </ClInclude>
    <ClInclude Include="..\..\..\iup\srccontrols\matrix\iupmat_cd.h">
      <Filter>src\matrix</Filter>
    </ClInclude>
    <ClInclude Include="..\..\..\iup\srccontrols\matrix\iupmat_colres.h">
      <Filter>src\matrix</Filter>
    </ClInclude>
    <ClInclude Include="..\..\..\iup\srccontrols\matrix\iupmat_def.h">
      <Filter>src\matrix</Filter>
    </ClInclude>
    <ClInclude Include="..\..\..\iup\srccontrols\matrix\iupmat_draw.h">
      <Filter>src\matrix</Filter>
    </ClInclude>
    <ClInclude Include="..\..\..\iup\srccontrols\matrix\iupmat_edit.h">
      <Filter>src\matrix</Filter>
    </ClInclude>
    <ClInclude Include="..\..\..\iup\srccontrols\matrix\iupmat_getset.h">
      <Filter>src\matrix</Filter>
    </ClInclude>
    <ClInclude Include="..\..\..\iup\srccontrols\matrix\iupmat_key.h">
      <Filter>src\matrix</Filter>
    </ClInclude>
    <ClInclude Include="..\..\..\iup\srccontrols\matrix\iupmat_mark.h">
      <Filter>src\matrix</Filter>
    </ClInclude>
    <ClInclude Include="..\..\..\iup\srccontrols\matrix\iupmat_mem.h">
      <Filter>src\matrix</Filter>
    </ClInclude>
    <ClInclude Include="..\..\..\iup\srccontrols\matrix\iupmat_mouse.h">
      <Filter>src\matrix</Filter>
    </ClInclude>
    <ClInclude Include="..\..\..\iup\srccontrols\matrix\iupmat_numlc.h">
      <Filter>src\matrix</Filter>
    </ClInclude>
    <ClInclude Include="..\..\..\iup\srccontrols\matrix\iupmat_scroll.h">
      <Filter>src\matrix</Filter>
    </ClInclude>
    <ClInclude Include="..\..\..\iup\srccontrols\matrixex\iup_matrixex.h">
      <Filter>src\matrixex</Filter>
    </ClInclude>
  </ItemGroup>
  <ItemGroup>
    <None Include="iup_def_files\iupluacontrols.def" />
  </ItemGroup>
</Project>