<?xml version="1.0" encoding="utf-8"?>
<Project ToolsVersion="4.0" xmlns="http://schemas.microsoft.com/developer/msbuild/2003">
  <ItemGroup>
    <Filter Include="iup">
      <UniqueIdentifier>{924e5bba-f268-4ea0-bc04-4e534d40aa7d}</UniqueIdentifier>
    </Filter>
    <Filter Include="iupwin">
      <UniqueIdentifier>{3b770ef6-2bc1-4ec6-8e8b-3fbf0fbdfa65}</UniqueIdentifier>
    </Filter>
    <Filter Include="iuplua">
      <UniqueIdentifier>{8b7d5bbb-672f-435f-b72d-28834f4b0096}</UniqueIdentifier>
    </Filter>
    <Filter Include="iupctrl">
      <UniqueIdentifier>{4cfd4759-f89a-489c-9bd1-d0b4c20080ed}</UniqueIdentifier>
    </Filter>
    <Filter Include="iup_luaelem">
      <UniqueIdentifier>{42d53e88-e457-4023-87eb-0e194206eb99}</UniqueIdentifier>
    </Filter>
  </ItemGroup>
  <ItemGroup>
    <ClCompile Include="..\..\..\ant3rd\iup\src\iup_callback.c">
      <Filter>iup</Filter>
    </ClCompile>
    <ClCompile Include="..\..\..\ant3rd\iup\src\iup_dlglist.c">
      <Filter>iup</Filter>
    </ClCompile>
    <ClCompile Include="..\..\..\ant3rd\iup\src\iup_attrib.c">
      <Filter>iup</Filter>
    </ClCompile>
    <ClCompile Include="..\..\..\ant3rd\iup\src\iup_focus.c">
      <Filter>iup</Filter>
    </ClCompile>
    <ClCompile Include="..\..\..\ant3rd\iup\src\iup_font.c">
      <Filter>iup</Filter>
    </ClCompile>
    <ClCompile Include="..\..\..\ant3rd\iup\src\iup_globalattrib.c">
      <Filter>iup</Filter>
    </ClCompile>
    <ClCompile Include="..\..\..\ant3rd\iup\src\iup_object.c">
      <Filter>iup</Filter>
    </ClCompile>
    <ClCompile Include="..\..\..\ant3rd\iup\src\iup_key.c">
      <Filter>iup</Filter>
    </ClCompile>
    <ClCompile Include="..\..\..\ant3rd\iup\src\iup_layout.c">
      <Filter>iup</Filter>
    </ClCompile>
    <ClCompile Include="..\..\..\ant3rd\iup\src\iup_ledlex.c">
      <Filter>iup</Filter>
    </ClCompile>
    <ClCompile Include="..\..\..\ant3rd\iup\src\iup_names.c">
      <Filter>iup</Filter>
    </ClCompile>
    <ClCompile Include="..\..\..\ant3rd\iup\src\iup_ledparse.c">
      <Filter>iup</Filter>
    </ClCompile>
    <ClCompile Include="..\..\..\ant3rd\iup\src\iup_predialogs.c">
      <Filter>iup</Filter>
    </ClCompile>
    <ClCompile Include="..\..\..\ant3rd\iup\src\iup_register.c">
      <Filter>iup</Filter>
    </ClCompile>
    <ClCompile Include="..\..\..\ant3rd\iup\src\iup_scanf.c">
      <Filter>iup</Filter>
    </ClCompile>
    <ClCompile Include="..\..\..\ant3rd\iup\src\iup_show.c">
      <Filter>iup</Filter>
    </ClCompile>
    <ClCompile Include="..\..\..\ant3rd\iup\src\iup_str.c">
      <Filter>iup</Filter>
    </ClCompile>
    <ClCompile Include="..\..\..\ant3rd\iup\src\iup_func.c">
      <Filter>iup</Filter>
    </ClCompile>
    <ClCompile Include="..\..\..\ant3rd\iup\src\iup_childtree.c">
      <Filter>iup</Filter>
    </ClCompile>
    <ClCompile Include="..\..\..\ant3rd\iup\src\iup.c">
      <Filter>iup</Filter>
    </ClCompile>
    <ClCompile Include="..\..\..\ant3rd\iup\src\iup_classattrib.c">
      <Filter>iup</Filter>
    </ClCompile>
    <ClCompile Include="..\..\..\ant3rd\iup\src\iup_dialog.c">
      <Filter>iup</Filter>
    </ClCompile>
    <ClCompile Include="..\..\..\ant3rd\iup\src\iup_assert.c">
      <Filter>iup</Filter>
    </ClCompile>
    <ClCompile Include="..\..\..\ant3rd\iup\src\iup_messagedlg.c">
      <Filter>iup</Filter>
    </ClCompile>
    <ClCompile Include="..\..\..\ant3rd\iup\src\iup_timer.c">
      <Filter>iup</Filter>
    </ClCompile>
    <ClCompile Include="..\..\..\ant3rd\iup\src\iup_image.c">
      <Filter>iup</Filter>
    </ClCompile>
    <ClCompile Include="..\..\..\ant3rd\iup\src\iup_label.c">
      <Filter>iup</Filter>
    </ClCompile>
    <ClCompile Include="..\..\..\ant3rd\iup\src\iup_fill.c">
      <Filter>iup</Filter>
    </ClCompile>
    <ClCompile Include="..\..\..\ant3rd\iup\src\iup_zbox.c">
      <Filter>iup</Filter>
    </ClCompile>
    <ClCompile Include="..\..\..\ant3rd\iup\src\iup_colordlg.c">
      <Filter>iup</Filter>
    </ClCompile>
    <ClCompile Include="..\..\..\ant3rd\iup\src\iup_fontdlg.c">
      <Filter>iup</Filter>
    </ClCompile>
    <ClCompile Include="..\..\..\ant3rd\iup\src\iup_filedlg.c">
      <Filter>iup</Filter>
    </ClCompile>
    <ClCompile Include="..\..\..\ant3rd\iup\src\iup_strmessage.c">
      <Filter>iup</Filter>
    </ClCompile>
    <ClCompile Include="..\..\..\ant3rd\iup\src\iup_menu.c">
      <Filter>iup</Filter>
    </ClCompile>
    <ClCompile Include="..\..\..\ant3rd\iup\src\iup_frame.c">
      <Filter>iup</Filter>
    </ClCompile>
    <ClCompile Include="..\..\..\ant3rd\iup\src\iup_user.c">
      <Filter>iup</Filter>
    </ClCompile>
    <ClCompile Include="..\..\..\ant3rd\iup\src\iup_button.c">
      <Filter>iup</Filter>
    </ClCompile>
    <ClCompile Include="..\..\..\ant3rd\iup\src\iup_radio.c">
      <Filter>iup</Filter>
    </ClCompile>
    <ClCompile Include="..\..\..\ant3rd\iup\src\iup_toggle.c">
      <Filter>iup</Filter>
    </ClCompile>
    <ClCompile Include="..\..\..\ant3rd\iup\src\iup_progressbar.c">
      <Filter>iup</Filter>
    </ClCompile>
    <ClCompile Include="..\..\..\ant3rd\iup\src\iup_text.c">
      <Filter>iup</Filter>
    </ClCompile>
    <ClCompile Include="..\..\..\ant3rd\iup\src\iup_val.c">
      <Filter>iup</Filter>
    </ClCompile>
    <ClCompile Include="..\..\..\ant3rd\iup\src\iup_box.c">
      <Filter>iup</Filter>
    </ClCompile>
    <ClCompile Include="..\..\..\ant3rd\iup\src\iup_hbox.c">
      <Filter>iup</Filter>
    </ClCompile>
    <ClCompile Include="..\..\..\ant3rd\iup\src\iup_vbox.c">
      <Filter>iup</Filter>
    </ClCompile>
    <ClCompile Include="..\..\..\ant3rd\iup\src\iup_cbox.c">
      <Filter>iup</Filter>
    </ClCompile>
    <ClCompile Include="..\..\..\ant3rd\iup\src\iup_class.c">
      <Filter>iup</Filter>
    </ClCompile>
    <ClCompile Include="..\..\..\ant3rd\iup\src\iup_classbase.c">
      <Filter>iup</Filter>
    </ClCompile>
    <ClCompile Include="..\..\..\ant3rd\iup\src\iup_maskmatch.c">
      <Filter>iup</Filter>
    </ClCompile>
    <ClCompile Include="..\..\..\ant3rd\iup\src\iup_mask.c">
      <Filter>iup</Filter>
    </ClCompile>
    <ClCompile Include="..\..\..\ant3rd\iup\src\iup_maskparse.c">
      <Filter>iup</Filter>
    </ClCompile>
    <ClCompile Include="..\..\..\ant3rd\iup\src\iup_tabs.c">
      <Filter>iup</Filter>
    </ClCompile>
    <ClCompile Include="..\..\..\ant3rd\iup\src\iup_spin.c">
      <Filter>iup</Filter>
    </ClCompile>
    <ClCompile Include="..\..\..\ant3rd\iup\src\iup_list.c">
      <Filter>iup</Filter>
    </ClCompile>
    <ClCompile Include="..\..\..\ant3rd\iup\src\iup_getparam.c">
      <Filter>iup</Filter>
    </ClCompile>
    <ClCompile Include="..\..\..\ant3rd\iup\src\iup_link.c">
      <Filter>iup</Filter>
    </ClCompile>
    <ClCompile Include="..\..\..\ant3rd\iup\src\iup_sbox.c">
      <Filter>iup</Filter>
    </ClCompile>
    <ClCompile Include="..\..\..\ant3rd\iup\src\iup_scrollbox.c">
      <Filter>iup</Filter>
    </ClCompile>
    <ClCompile Include="..\..\..\ant3rd\iup\src\iup_normalizer.c">
      <Filter>iup</Filter>
    </ClCompile>
    <ClCompile Include="..\..\..\ant3rd\iup\src\iup_tree.c">
      <Filter>iup</Filter>
    </ClCompile>
    <ClCompile Include="..\..\..\ant3rd\iup\src\iup_split.c">
      <Filter>iup</Filter>
    </ClCompile>
    <ClCompile Include="..\..\..\ant3rd\iup\src\iup_layoutdlg.c">
      <Filter>iup</Filter>
    </ClCompile>
    <ClCompile Include="..\..\..\ant3rd\iup\src\iup_recplay.c">
      <Filter>iup</Filter>
    </ClCompile>
    <ClCompile Include="..\..\..\ant3rd\iup\src\iup_progressdlg.c">
      <Filter>iup</Filter>
    </ClCompile>
    <ClCompile Include="..\..\..\ant3rd\iup\src\iup_expander.c">
      <Filter>iup</Filter>
    </ClCompile>
    <ClCompile Include="..\..\..\ant3rd\iup\src\iup_open.c">
      <Filter>iup</Filter>
    </ClCompile>
    <ClCompile Include="..\..\..\ant3rd\iup\src\iup_table.c">
      <Filter>iup</Filter>
    </ClCompile>
    <ClCompile Include="..\..\..\ant3rd\iup\src\iup_canvas.c">
      <Filter>iup</Filter>
    </ClCompile>
    <ClCompile Include="..\..\..\ant3rd\iup\src\iup_gridbox.c">
      <Filter>iup</Filter>
    </ClCompile>
    <ClCompile Include="..\..\..\ant3rd\iup\src\iup_detachbox.c">
      <Filter>iup</Filter>
    </ClCompile>
    <ClCompile Include="..\..\..\ant3rd\iup\src\iup_backgroundbox.c">
      <Filter>iup</Filter>
    </ClCompile>
    <ClCompile Include="..\..\..\ant3rd\iup\src\iup_linefile.c">
      <Filter>iup</Filter>
    </ClCompile>
    <ClCompile Include="..\..\..\ant3rd\iup\src\iup_config.c">
      <Filter>iup</Filter>
    </ClCompile>
    <ClCompile Include="..\..\..\ant3rd\iup\src\iup_flatbutton.c">
      <Filter>iup</Filter>
    </ClCompile>
    <ClCompile Include="..\..\..\ant3rd\iup\src\iup_animatedlabel.c">
      <Filter>iup</Filter>
    </ClCompile>
    <ClCompile Include="..\..\..\ant3rd\iup\src\iup_draw.c">
      <Filter>iup</Filter>
    </ClCompile>
    <ClCompile Include="..\..\..\ant3rd\iup\src\iup_flatframe.c">
      <Filter>iup</Filter>
    </ClCompile>
    <ClCompile Include="..\..\..\ant3rd\iup\src\iup_flattabs.c">
      <Filter>iup</Filter>
    </ClCompile>
    <ClCompile Include="..\..\..\ant3rd\iup\src\iup_flatscrollbar.c">
      <Filter>iup</Filter>
    </ClCompile>
    <ClCompile Include="..\..\..\ant3rd\iup\src\iup_flatscrollbox.c">
      <Filter>iup</Filter>
    </ClCompile>
    <ClCompile Include="..\..\..\ant3rd\iup\src\iup_dial.c">
      <Filter>iup</Filter>
    </ClCompile>
    <ClCompile Include="..\..\..\ant3rd\iup\src\iup_gauge.c">
      <Filter>iup</Filter>
    </ClCompile>
    <ClCompile Include="..\..\..\ant3rd\iup\src\iup_colorbar.c">
      <Filter>iup</Filter>
    </ClCompile>
    <ClCompile Include="..\..\..\ant3rd\iup\src\iup_colorbrowser.c">
      <Filter>iup</Filter>
    </ClCompile>
    <ClCompile Include="..\..\..\ant3rd\iup\src\iup_colorhsi.c">
      <Filter>iup</Filter>
    </ClCompile>
    <ClCompile Include="..\..\..\ant3rd\iup\src\win\iupwin_common.c">
      <Filter>iupwin</Filter>
    </ClCompile>
    <ClCompile Include="..\..\..\ant3rd\iup\src\win\iupwin_brush.c">
      <Filter>iupwin</Filter>
    </ClCompile>
    <ClCompile Include="..\..\..\ant3rd\iup\src\win\iupwin_focus.c">
      <Filter>iupwin</Filter>
    </ClCompile>
    <ClCompile Include="..\..\..\ant3rd\iup\src\win\iupwin_font.c">
      <Filter>iupwin</Filter>
    </ClCompile>
    <ClCompile Include="..\..\..\ant3rd\iup\src\win\iupwin_globalattrib.c">
      <Filter>iupwin</Filter>
    </ClCompile>
    <ClCompile Include="..\..\..\ant3rd\iup\src\win\iupwin_handle.c">
      <Filter>iupwin</Filter>
    </ClCompile>
    <ClCompile Include="..\..\..\ant3rd\iup\src\win\iupwin_key.c">
      <Filter>iupwin</Filter>
    </ClCompile>
    <ClCompile Include="..\..\..\ant3rd\iup\src\win\iupwin_str.c">
      <Filter>iupwin</Filter>
    </ClCompile>
    <ClCompile Include="..\..\..\ant3rd\iup\src\win\iupwin_loop.c">
      <Filter>iupwin</Filter>
    </ClCompile>
    <ClCompile Include="..\..\..\ant3rd\iup\src\win\iupwin_open.c">
      <Filter>iupwin</Filter>
    </ClCompile>
    <ClCompile Include="..\..\..\ant3rd\iup\src\win\iupwin_tips.c">
      <Filter>iupwin</Filter>
    </ClCompile>
    <ClCompile Include="..\..\..\ant3rd\iup\src\win\iupwin_info.c">
      <Filter>iupwin</Filter>
    </ClCompile>
    <ClCompile Include="..\..\..\ant3rd\iup\src\win\iupwin_dialog.c">
      <Filter>iupwin</Filter>
    </ClCompile>
    <ClCompile Include="..\..\..\ant3rd\iup\src\win\iupwin_messagedlg.c">
      <Filter>iupwin</Filter>
    </ClCompile>
    <ClCompile Include="..\..\..\ant3rd\iup\src\win\iupwin_timer.c">
      <Filter>iupwin</Filter>
    </ClCompile>
    <ClCompile Include="..\..\..\ant3rd\iup\src\win\iupwin_image.c">
      <Filter>iupwin</Filter>
    </ClCompile>
    <ClCompile Include="..\..\..\ant3rd\iup\src\win\iupwin_label.c">
      <Filter>iupwin</Filter>
    </ClCompile>
    <ClCompile Include="..\..\..\ant3rd\iup\src\win\iupwin_canvas.c">
      <Filter>iupwin</Filter>
    </ClCompile>
    <ClCompile Include="..\..\..\ant3rd\iup\src\win\iupwin_frame.c">
      <Filter>iupwin</Filter>
    </ClCompile>
    <ClCompile Include="..\..\..\ant3rd\iup\src\win\iupwin_fontdlg.c">
      <Filter>iupwin</Filter>
    </ClCompile>
    <ClCompile Include="..\..\..\ant3rd\iup\src\win\iupwin_filedlg.c">
      <Filter>iupwin</Filter>
    </ClCompile>
    <ClCompile Include="..\..\..\ant3rd\iup\src\win\iupwin_dragdrop.c">
      <Filter>iupwin</Filter>
    </ClCompile>
    <ClCompile Include="..\..\..\ant3rd\iup\src\win\iupwin_button.c">
      <Filter>iupwin</Filter>
    </ClCompile>
    <ClCompile Include="..\..\..\ant3rd\iup\src\win\iupwin_draw.c">
      <Filter>iupwin</Filter>
    </ClCompile>
    <ClCompile Include="..\..\..\ant3rd\iup\src\win\iupwin_toggle.c">
      <Filter>iupwin</Filter>
    </ClCompile>
    <ClCompile Include="..\..\..\ant3rd\iup\src\win\iupwin_clipboard.c">
      <Filter>iupwin</Filter>
    </ClCompile>
    <ClCompile Include="..\..\..\ant3rd\iup\src\win\iupwin_progressbar.c">
      <Filter>iupwin</Filter>
    </ClCompile>
    <ClCompile Include="..\..\..\ant3rd\iup\src\win\iupwin_text.c">
      <Filter>iupwin</Filter>
    </ClCompile>
    <ClCompile Include="..\..\..\ant3rd\iup\src\win\iupwin_val.c">
      <Filter>iupwin</Filter>
    </ClCompile>
    <ClCompile Include="..\..\..\ant3rd\iup\src\win\iupwin_touch.c">
      <Filter>iupwin</Filter>
    </ClCompile>
    <ClCompile Include="..\..\..\ant3rd\iup\src\win\iupwin_tabs.c">
      <Filter>iupwin</Filter>
    </ClCompile>
    <ClCompile Include="..\..\..\ant3rd\iup\src\win\iupwin_menu.c">
      <Filter>iupwin</Filter>
    </ClCompile>
    <ClCompile Include="..\..\..\ant3rd\iup\src\win\iupwin_list.c">
      <Filter>iupwin</Filter>
    </ClCompile>
    <ClCompile Include="..\..\..\ant3rd\iup\src\win\iupwin_tree.c">
      <Filter>iupwin</Filter>
    </ClCompile>
    <ClCompile Include="..\..\..\ant3rd\iup\src\win\iupwin_calendar.c">
      <Filter>iupwin</Filter>
    </ClCompile>
    <ClCompile Include="..\..\..\ant3rd\iup\src\win\iupwin_datepick.c">
      <Filter>iupwin</Filter>
    </ClCompile>
    <ClCompile Include="..\..\..\ant3rd\iup\src\win\iupwindows_main.c">
      <Filter>iupwin</Filter>
    </ClCompile>
    <ClCompile Include="..\..\..\ant3rd\iup\src\win\iupwindows_help.c">
      <Filter>iupwin</Filter>
    </ClCompile>
    <ClCompile Include="..\..\..\ant3rd\iup\src\win\iupwindows_info.c">
      <Filter>iupwin</Filter>
    </ClCompile>
    <ClCompile Include="..\..\..\ant3rd\iup\srclua5\iuplua.c">
      <Filter>iuplua</Filter>
    </ClCompile>
    <ClCompile Include="..\..\..\ant3rd\iup\srclua5\iuplua_api.c">
      <Filter>iuplua</Filter>
    </ClCompile>
    <ClCompile Include="..\..\..\ant3rd\iup\srclua5\iuplua_draw.c">
      <Filter>iuplua</Filter>
    </ClCompile>
    <ClCompile Include="..\..\..\ant3rd\iup\srclua5\iuplua_tree_aux.c">
      <Filter>iuplua</Filter>
    </ClCompile>
    <ClCompile Include="..\..\..\ant3rd\iup\srclua5\iuplua_scanf.c">
      <Filter>iuplua</Filter>
    </ClCompile>
    <ClCompile Include="..\..\..\ant3rd\iup\srclua5\iuplua_getparam.c">
      <Filter>iuplua</Filter>
    </ClCompile>
    <ClCompile Include="..\..\..\ant3rd\iup\srclua5\iuplua_getcolor.c">
      <Filter>iuplua</Filter>
    </ClCompile>
    <ClCompile Include="..\..\..\ant3rd\iup\srclua5\iuplua_config.c">
      <Filter>iuplua</Filter>
    </ClCompile>
    <ClCompile Include="..\..\..\ant3rd\iup\src\iup_array.c">
      <Filter>iup</Filter>
    </ClCompile>
    <ClCompile Include="..\..\..\ant3rd\iup\src\iup_flatlabel.c">
      <Filter>iup</Filter>
    </ClCompile>
    <ClCompile Include="..\..\..\ant3rd\iup\src\iup_flattoggle.c">
      <Filter>iup</Filter>
    </ClCompile>
    <ClCompile Include="..\..\..\ant3rd\iup\src\iup_dropbutton.c">
      <Filter>iup</Filter>
    </ClCompile>
    <ClCompile Include="..\..\..\ant3rd\iup\srclua5\elem\il_flatscrollbox.c">
      <Filter>iupctrl</Filter>
    </ClCompile>
    <ClCompile Include="..\..\..\ant3rd\iup\srclua5\elem\il_flatlabel.c">
      <Filter>iupctrl</Filter>
    </ClCompile>
    <ClCompile Include="..\..\..\ant3rd\iup\srclua5\elem\il_flatframe.c">
      <Filter>iupctrl</Filter>
    </ClCompile>
    <ClCompile Include="..\..\..\ant3rd\iup\srclua5\elem\il_flatbutton.c">
      <Filter>iupctrl</Filter>
    </ClCompile>
    <ClCompile Include="..\..\..\ant3rd\iup\srclua5\elem\il_fill.c">
      <Filter>iupctrl</Filter>
    </ClCompile>
    <ClCompile Include="..\..\..\ant3rd\iup\srclua5\elem\il_filedlg.c">
      <Filter>iupctrl</Filter>
    </ClCompile>
    <ClCompile Include="..\..\..\ant3rd\iup\srclua5\elem\il_expander.c">
      <Filter>iupctrl</Filter>
    </ClCompile>
    <ClCompile Include="..\..\..\ant3rd\iup\srclua5\elem\il_dropbutton.c">
      <Filter>iupctrl</Filter>
    </ClCompile>
    <ClCompile Include="..\..\..\ant3rd\iup\srclua5\elem\il_dialog.c">
      <Filter>iupctrl</Filter>
    </ClCompile>
    <ClCompile Include="..\..\..\ant3rd\iup\srclua5\elem\il_dial.c">
      <Filter>iupctrl</Filter>
    </ClCompile>
    <ClCompile Include="..\..\..\ant3rd\iup\srclua5\elem\il_detachbox.c">
      <Filter>iupctrl</Filter>
    </ClCompile>
    <ClCompile Include="..\..\..\ant3rd\iup\srclua5\elem\il_datepick.c">
      <Filter>iupctrl</Filter>
    </ClCompile>
    <ClCompile Include="..\..\..\ant3rd\iup\srclua5\elem\il_colordlg.c">
      <Filter>iupctrl</Filter>
    </ClCompile>
    <ClCompile Include="..\..\..\ant3rd\iup\srclua5\elem\il_colorbrowser.c">
      <Filter>iupctrl</Filter>
    </ClCompile>
    <ClCompile Include="..\..\..\ant3rd\iup\srclua5\elem\il_colorbar.c">
      <Filter>iupctrl</Filter>
    </ClCompile>
    <ClCompile Include="..\..\..\ant3rd\iup\srclua5\elem\il_clipboard.c">
      <Filter>iupctrl</Filter>
    </ClCompile>
    <ClCompile Include="..\..\..\ant3rd\iup\srclua5\elem\il_cbox.c">
      <Filter>iupctrl</Filter>
    </ClCompile>
    <ClCompile Include="..\..\..\ant3rd\iup\srclua5\elem\il_canvas.c">
      <Filter>iupctrl</Filter>
    </ClCompile>
    <ClCompile Include="..\..\..\ant3rd\iup\srclua5\elem\il_calendar.c">
      <Filter>iupctrl</Filter>
    </ClCompile>
    <ClCompile Include="..\..\..\ant3rd\iup\srclua5\elem\il_button.c">
      <Filter>iupctrl</Filter>
    </ClCompile>
    <ClCompile Include="..\..\..\ant3rd\iup\srclua5\elem\il_backgroundbox.c">
      <Filter>iupctrl</Filter>
    </ClCompile>
    <ClCompile Include="..\..\..\ant3rd\iup\srclua5\elem\il_animatedlabel.c">
      <Filter>iupctrl</Filter>
    </ClCompile>
    <ClCompile Include="..\..\..\ant3rd\iup\srclua5\elem\il_zbox.c">
      <Filter>iupctrl</Filter>
    </ClCompile>
    <ClCompile Include="..\..\..\ant3rd\iup\srclua5\elem\il_vbox.c">
      <Filter>iupctrl</Filter>
    </ClCompile>
    <ClCompile Include="..\..\..\ant3rd\iup\srclua5\elem\il_val.c">
      <Filter>iupctrl</Filter>
    </ClCompile>
    <ClCompile Include="..\..\..\ant3rd\iup\srclua5\elem\il_user.c">
      <Filter>iupctrl</Filter>
    </ClCompile>
    <ClCompile Include="..\..\..\ant3rd\iup\srclua5\elem\il_tree.c">
      <Filter>iupctrl</Filter>
    </ClCompile>
    <ClCompile Include="..\..\..\ant3rd\iup\srclua5\elem\il_toggle.c">
      <Filter>iupctrl</Filter>
    </ClCompile>
    <ClCompile Include="..\..\..\ant3rd\iup\srclua5\elem\il_timer.c">
      <Filter>iupctrl</Filter>
    </ClCompile>
    <ClCompile Include="..\..\..\ant3rd\iup\srclua5\elem\il_text.c">
      <Filter>iupctrl</Filter>
    </ClCompile>
    <ClCompile Include="..\..\..\ant3rd\iup\srclua5\elem\il_tabs.c">
      <Filter>iupctrl</Filter>
    </ClCompile>
    <ClCompile Include="..\..\..\ant3rd\iup\srclua5\elem\il_submenu.c">
      <Filter>iupctrl</Filter>
    </ClCompile>
    <ClCompile Include="..\..\..\ant3rd\iup\srclua5\elem\il_split.c">
      <Filter>iupctrl</Filter>
    </ClCompile>
    <ClCompile Include="..\..\..\ant3rd\iup\srclua5\elem\il_spinbox.c">
      <Filter>iupctrl</Filter>
    </ClCompile>
    <ClCompile Include="..\..\..\ant3rd\iup\srclua5\elem\il_spin.c">
      <Filter>iupctrl</Filter>
    </ClCompile>
    <ClCompile Include="..\..\..\ant3rd\iup\srclua5\elem\il_space.c">
      <Filter>iupctrl</Filter>
    </ClCompile>
    <ClCompile Include="..\..\..\ant3rd\iup\srclua5\elem\il_separator.c">
      <Filter>iupctrl</Filter>
    </ClCompile>
    <ClCompile Include="..\..\..\ant3rd\iup\srclua5\elem\il_scrollbox.c">
      <Filter>iupctrl</Filter>
    </ClCompile>
    <ClCompile Include="..\..\..\ant3rd\iup\srclua5\elem\il_sbox.c">
      <Filter>iupctrl</Filter>
    </ClCompile>
    <ClCompile Include="..\..\..\ant3rd\iup\srclua5\elem\il_radio.c">
      <Filter>iupctrl</Filter>
    </ClCompile>
    <ClCompile Include="..\..\..\ant3rd\iup\srclua5\elem\il_progressdlg.c">
      <Filter>iupctrl</Filter>
    </ClCompile>
    <ClCompile Include="..\..\..\ant3rd\iup\srclua5\elem\il_progressbar.c">
      <Filter>iupctrl</Filter>
    </ClCompile>
    <ClCompile Include="..\..\..\ant3rd\iup\srclua5\elem\il_parambox.c">
      <Filter>iupctrl</Filter>
    </ClCompile>
    <ClCompile Include="..\..\..\ant3rd\iup\srclua5\elem\il_param.c">
      <Filter>iupctrl</Filter>
    </ClCompile>
    <ClCompile Include="..\..\..\ant3rd\iup\srclua5\elem\il_normalizer.c">
      <Filter>iupctrl</Filter>
    </ClCompile>
    <ClCompile Include="..\..\..\ant3rd\iup\srclua5\elem\il_multiline.c">
      <Filter>iupctrl</Filter>
    </ClCompile>
    <ClCompile Include="..\..\..\ant3rd\iup\srclua5\elem\il_messagedlg.c">
      <Filter>iupctrl</Filter>
    </ClCompile>
    <ClCompile Include="..\..\..\ant3rd\iup\srclua5\elem\il_menu.c">
      <Filter>iupctrl</Filter>
    </ClCompile>
    <ClCompile Include="..\..\..\ant3rd\iup\srclua5\elem\il_list.c">
      <Filter>iupctrl</Filter>
    </ClCompile>
    <ClCompile Include="..\..\..\ant3rd\iup\srclua5\elem\il_link.c">
      <Filter>iupctrl</Filter>
    </ClCompile>
    <ClCompile Include="..\..\..\ant3rd\iup\srclua5\elem\il_label.c">
      <Filter>iupctrl</Filter>
    </ClCompile>
    <ClCompile Include="..\..\..\ant3rd\iup\srclua5\elem\il_item.c">
      <Filter>iupctrl</Filter>
    </ClCompile>
    <ClCompile Include="..\..\..\ant3rd\iup\srclua5\elem\il_imagergba.c">
      <Filter>iupctrl</Filter>
    </ClCompile>
    <ClCompile Include="..\..\..\ant3rd\iup\srclua5\elem\il_imagergb.c">
      <Filter>iupctrl</Filter>
    </ClCompile>
    <ClCompile Include="..\..\..\ant3rd\iup\srclua5\elem\il_image.c">
      <Filter>iupctrl</Filter>
    </ClCompile>
    <ClCompile Include="..\..\..\ant3rd\iup\srclua5\elem\il_hbox.c">
      <Filter>iupctrl</Filter>
    </ClCompile>
    <ClCompile Include="..\..\..\ant3rd\iup\srclua5\elem\il_gridbox.c">
      <Filter>iupctrl</Filter>
    </ClCompile>
    <ClCompile Include="..\..\..\ant3rd\iup\srclua5\elem\il_gauge.c">
      <Filter>iupctrl</Filter>
    </ClCompile>
    <ClCompile Include="..\..\..\ant3rd\iup\srclua5\elem\il_frame.c">
      <Filter>iupctrl</Filter>
    </ClCompile>
    <ClCompile Include="..\..\..\ant3rd\iup\srclua5\elem\il_fontdlg.c">
      <Filter>iupctrl</Filter>
    </ClCompile>
    <ClCompile Include="..\..\..\ant3rd\iup\srclua5\elem\il_flattoggle.c">
      <Filter>iupctrl</Filter>
    </ClCompile>
    <ClCompile Include="..\..\..\ant3rd\iup\srclua5\elem\il_flattabs.c">
      <Filter>iupctrl</Filter>
    </ClCompile>
    <ClCompile Include="..\..\..\ant3rd\iup\srclua5\elem\il_flatseparator.c">
      <Filter>iupctrl</Filter>
    </ClCompile>
    <ClCompile Include="..\..\..\ant3rd\iup\src\iup_flatseparator.c">
      <Filter>iup</Filter>
    </ClCompile>
    <ClCompile Include="..\..\..\ant3rd\iup\src\iup_space.c">
      <Filter>iup</Filter>
    </ClCompile>
    <ClCompile Include="..\..\..\ant3rd\iup\src\win\iupwin_draw_gdi.c">
      <Filter>iupwin</Filter>
    </ClCompile>
    <ClCompile Include="..\..\..\ant3rd\iup\src\iup_multibox.c">
      <Filter>iup</Filter>
    </ClCompile>
    <ClCompile Include="..\..\..\ant3rd\iup\srclua5\elem\il_multibox.c">
      <Filter>iupctrl</Filter>
    </ClCompile>
  </ItemGroup>
  <ItemGroup>
    <None Include="..\..\..\ant3rd\iup\srclua5\elem\animatedlabel.lua">
      <Filter>iup_luaelem</Filter>
    </None>
    <None Include="..\..\..\ant3rd\iup\srclua5\elem\zbox.lua">
      <Filter>iup_luaelem</Filter>
    </None>
    <None Include="..\..\..\ant3rd\iup\srclua5\elem\vbox.lua">
      <Filter>iup_luaelem</Filter>
    </None>
    <None Include="..\..\..\ant3rd\iup\srclua5\elem\val.lua">
      <Filter>iup_luaelem</Filter>
    </None>
    <None Include="..\..\..\ant3rd\iup\srclua5\elem\user.lua">
      <Filter>iup_luaelem</Filter>
    </None>
    <None Include="..\..\..\ant3rd\iup\srclua5\elem\tree.lua">
      <Filter>iup_luaelem</Filter>
    </None>
    <None Include="..\..\..\ant3rd\iup\srclua5\elem\toggle.lua">
      <Filter>iup_luaelem</Filter>
    </None>
    <None Include="..\..\..\ant3rd\iup\srclua5\elem\timer.lua">
      <Filter>iup_luaelem</Filter>
    </None>
    <None Include="..\..\..\ant3rd\iup\srclua5\elem\text.lua">
      <Filter>iup_luaelem</Filter>
    </None>
    <None Include="..\..\..\ant3rd\iup\srclua5\elem\tabs.lua">
      <Filter>iup_luaelem</Filter>
    </None>
    <None Include="..\..\..\ant3rd\iup\srclua5\elem\submenu.lua">
      <Filter>iup_luaelem</Filter>
    </None>
    <None Include="..\..\..\ant3rd\iup\srclua5\elem\split.lua">
      <Filter>iup_luaelem</Filter>
    </None>
    <None Include="..\..\..\ant3rd\iup\srclua5\elem\spinbox.lua">
      <Filter>iup_luaelem</Filter>
    </None>
    <None Include="..\..\..\ant3rd\iup\srclua5\elem\spin.lua">
      <Filter>iup_luaelem</Filter>
    </None>
    <None Include="..\..\..\ant3rd\iup\srclua5\elem\space.lua">
      <Filter>iup_luaelem</Filter>
    </None>
    <None Include="..\..\..\ant3rd\iup\srclua5\elem\separator.lua">
      <Filter>iup_luaelem</Filter>
    </None>
    <None Include="..\..\..\ant3rd\iup\srclua5\elem\scrollbox.lua">
      <Filter>iup_luaelem</Filter>
    </None>
    <None Include="..\..\..\ant3rd\iup\srclua5\elem\sbox.lua">
      <Filter>iup_luaelem</Filter>
    </None>
    <None Include="..\..\..\ant3rd\iup\srclua5\elem\radio.lua">
      <Filter>iup_luaelem</Filter>
    </None>
    <None Include="..\..\..\ant3rd\iup\srclua5\elem\progressdlg.lua">
      <Filter>iup_luaelem</Filter>
    </None>
    <None Include="..\..\..\ant3rd\iup\srclua5\elem\progressbar.lua">
      <Filter>iup_luaelem</Filter>
    </None>
    <None Include="..\..\..\ant3rd\iup\srclua5\elem\parambox.lua">
      <Filter>iup_luaelem</Filter>
    </None>
    <None Include="..\..\..\ant3rd\iup\srclua5\elem\param.lua">
      <Filter>iup_luaelem</Filter>
    </None>
    <None Include="..\..\..\ant3rd\iup\srclua5\elem\normalizer.lua">
      <Filter>iup_luaelem</Filter>
    </None>
    <None Include="..\..\..\ant3rd\iup\srclua5\elem\multiline.lua">
      <Filter>iup_luaelem</Filter>
    </None>
    <None Include="..\..\..\ant3rd\iup\srclua5\elem\messagedlg.lua">
      <Filter>iup_luaelem</Filter>
    </None>
    <None Include="..\..\..\ant3rd\iup\srclua5\elem\menu.lua">
      <Filter>iup_luaelem</Filter>
    </None>
    <None Include="..\..\..\ant3rd\iup\srclua5\elem\list.lua">
      <Filter>iup_luaelem</Filter>
    </None>
    <None Include="..\..\..\ant3rd\iup\srclua5\elem\link.lua">
      <Filter>iup_luaelem</Filter>
    </None>
    <None Include="..\..\..\ant3rd\iup\srclua5\elem\label.lua">
      <Filter>iup_luaelem</Filter>
    </None>
    <None Include="..\..\..\ant3rd\iup\srclua5\elem\item.lua">
      <Filter>iup_luaelem</Filter>
    </None>
    <None Include="..\..\..\ant3rd\iup\srclua5\elem\imagergba.lua">
      <Filter>iup_luaelem</Filter>
    </None>
    <None Include="..\..\..\ant3rd\iup\srclua5\elem\imagergb.lua">
      <Filter>iup_luaelem</Filter>
    </None>
    <None Include="..\..\..\ant3rd\iup\srclua5\elem\image.lua">
      <Filter>iup_luaelem</Filter>
    </None>
    <None Include="..\..\..\ant3rd\iup\srclua5\elem\hbox.lua">
      <Filter>iup_luaelem</Filter>
    </None>
    <None Include="..\..\..\ant3rd\iup\srclua5\elem\gridbox.lua">
      <Filter>iup_luaelem</Filter>
    </None>
    <None Include="..\..\..\ant3rd\iup\srclua5\elem\gauge.lua">
      <Filter>iup_luaelem</Filter>
    </None>
    <None Include="..\..\..\ant3rd\iup\srclua5\elem\frame.lua">
      <Filter>iup_luaelem</Filter>
    </None>
    <None Include="..\..\..\ant3rd\iup\srclua5\elem\fontdlg.lua">
      <Filter>iup_luaelem</Filter>
    </None>
    <None Include="..\..\..\ant3rd\iup\srclua5\elem\flattoggle.lua">
      <Filter>iup_luaelem</Filter>
    </None>
    <None Include="..\..\..\ant3rd\iup\srclua5\elem\flattabs.lua">
      <Filter>iup_luaelem</Filter>
    </None>
    <None Include="..\..\..\ant3rd\iup\srclua5\elem\flatseparator.lua">
      <Filter>iup_luaelem</Filter>
    </None>
    <None Include="..\..\..\ant3rd\iup\srclua5\elem\flatscrollbox.lua">
      <Filter>iup_luaelem</Filter>
    </None>
    <None Include="..\..\..\ant3rd\iup\srclua5\elem\flatlabel.lua">
      <Filter>iup_luaelem</Filter>
    </None>
    <None Include="..\..\..\ant3rd\iup\srclua5\elem\flatframe.lua">
      <Filter>iup_luaelem</Filter>
    </None>
    <None Include="..\..\..\ant3rd\iup\srclua5\elem\flatbutton.lua">
      <Filter>iup_luaelem</Filter>
    </None>
    <None Include="..\..\..\ant3rd\iup\srclua5\elem\fill.lua">
      <Filter>iup_luaelem</Filter>
    </None>
    <None Include="..\..\..\ant3rd\iup\srclua5\elem\filedlg.lua">
      <Filter>iup_luaelem</Filter>
    </None>
    <None Include="..\..\..\ant3rd\iup\srclua5\elem\expander.lua">
      <Filter>iup_luaelem</Filter>
    </None>
    <None Include="..\..\..\ant3rd\iup\srclua5\elem\dropbutton.lua">
      <Filter>iup_luaelem</Filter>
    </None>
    <None Include="..\..\..\ant3rd\iup\srclua5\elem\dialog.lua">
      <Filter>iup_luaelem</Filter>
    </None>
    <None Include="..\..\..\ant3rd\iup\srclua5\elem\dial.lua">
      <Filter>iup_luaelem</Filter>
    </None>
    <None Include="..\..\..\ant3rd\iup\srclua5\elem\detachbox.lua">
      <Filter>iup_luaelem</Filter>
    </None>
    <None Include="..\..\..\ant3rd\iup\srclua5\elem\datepick.lua">
      <Filter>iup_luaelem</Filter>
    </None>
    <None Include="..\..\..\ant3rd\iup\srclua5\elem\colordlg.lua">
      <Filter>iup_luaelem</Filter>
    </None>
    <None Include="..\..\..\ant3rd\iup\srclua5\elem\colorbrowser.lua">
      <Filter>iup_luaelem</Filter>
    </None>
    <None Include="..\..\..\ant3rd\iup\srclua5\elem\colorbar.lua">
      <Filter>iup_luaelem</Filter>
    </None>
    <None Include="..\..\..\ant3rd\iup\srclua5\elem\clipboard.lua">
      <Filter>iup_luaelem</Filter>
    </None>
    <None Include="..\..\..\ant3rd\iup\srclua5\elem\cbox.lua">
      <Filter>iup_luaelem</Filter>
    </None>
    <None Include="..\..\..\ant3rd\iup\srclua5\elem\canvas.lua">
      <Filter>iup_luaelem</Filter>
    </None>
    <None Include="..\..\..\ant3rd\iup\srclua5\elem\calendar.lua">
      <Filter>iup_luaelem</Filter>
    </None>
    <None Include="..\..\..\ant3rd\iup\srclua5\elem\button.lua">
      <Filter>iup_luaelem</Filter>
    </None>
    <None Include="..\..\..\ant3rd\iup\srclua5\elem\backgroundbox.lua">
      <Filter>iup_luaelem</Filter>
    </None>
    <None Include="iup_def_files\iuplua.def" />
    <None Include="..\..\..\ant3rd\iup\srclua5\elem\multibox.lua">
      <Filter>iup_luaelem</Filter>
    </None>
  </ItemGroup>
</Project>