<?xml version="1.0" encoding="utf-8"?>
<Project ToolsVersion="4.0" xmlns="http://schemas.microsoft.com/developer/msbuild/2003">
  <ItemGroup>
    <Filter Include="Source Files">
      <UniqueIdentifier>{4FC737F1-C7A5-4376-A066-2A32D752A2FF}</UniqueIdentifier>
      <Extensions>cpp;c;cc;cxx;def;odl;idl;hpj;bat;asm;asmx</Extensions>
    </Filter>
    <Filter Include="Header Files">
      <UniqueIdentifier>{76668831-4189-4866-a614-020834dcb2c9}</UniqueIdentifier>
    </Filter>
    <Filter Include="Header Files\Resource Files">
      <UniqueIdentifier>{67DA6AB6-F800-4c08-8B7A-83BB121AAD01}</UniqueIdentifier>
      <Extensions>rc;ico;cur;bmp;dlg;rc2;rct;bin;rgs;gif;jpg;jpeg;jpe;resx;tiff;tif;png;wav;mfcribbon-ms</Extensions>
    </Filter>
  </ItemGroup>
  <ItemGroup>
    <ClCompile Include="..\..\clibs\math3d\linalg.c">
      <Filter>Source Files</Filter>
    </ClCompile>
    <ClCompile Include="..\..\clibs\math3d\math3d.cpp">
      <Filter>Source Files</Filter>
    </ClCompile>
    <ClCompile Include="..\..\clibs\math3d\mathbaselib.cpp">
      <Filter>Source Files</Filter>
    </ClCompile>
    <ClCompile Include="..\..\clibs\math3d\mathadapter.c">
      <Filter>Source Files</Filter>
    </ClCompile>
  </ItemGroup>
  <ItemGroup>
    <ClInclude Include="..\..\clibs\math3d\refstack.h">
      <Filter>Header Files</Filter>
    </ClInclude>
    <ClInclude Include="..\..\clibs\math3d\linalg.h">
      <Filter>Header Files</Filter>
    </ClInclude>
    <ClInclude Include="..\..\clibs\math3d\fastmath.h" />
  </ItemGroup>
  <ItemGroup>
    <None Include="..\..\clibs\math3d\test.lua" />
  </ItemGroup>
</Project>