<?xml version="1.0" encoding="utf-8"?>
<Project ToolsVersion="4.0" xmlns="http://schemas.microsoft.com/developer/msbuild/2003">
  <ItemGroup>
    <Filter Include="include">
      <UniqueIdentifier>{e52ac43a-a8c7-49d6-a568-005bf94982c8}</UniqueIdentifier>
    </Filter>
    <Filter Include="binding">
      <UniqueIdentifier>{34c03981-9214-476c-afd9-8771333d14b4}</UniqueIdentifier>
    </Filter>
    <Filter Include="binding\Header Files">
      <UniqueIdentifier>{76668831-4189-4866-a614-020834dcb2c9}</UniqueIdentifier>
    </Filter>
    <Filter Include="binding\Source Files">
      <UniqueIdentifier>{4FC737F1-C7A5-4376-A066-2A32D752A2FF}</UniqueIdentifier>
      <Extensions>cpp;c;cc;cxx;def;odl;idl;hpj;bat;asm;asmx</Extensions>
    </Filter>
    <Filter Include="source">
      <UniqueIdentifier>{087fad24-1f52-4d1c-a78c-d7c5150729ae}</UniqueIdentifier>
    </Filter>
  </ItemGroup>
  <ItemGroup>
    <ClCompile Include="..\..\clibs\rmlui\font.cpp">
      <Filter>binding\Source Files</Filter>
    </ClCompile>
    <ClCompile Include="..\..\clibs\rmlui\file.cpp">
      <Filter>binding\Source Files</Filter>
    </ClCompile>
    <ClCompile Include="..\..\clibs\rmlui\luarmlui.cpp">
      <Filter>binding\Source Files</Filter>
    </ClCompile>
    <ClCompile Include="..\..\clibs\rmlui\render.cpp">
      <Filter>binding\Source Files</Filter>
    </ClCompile>
    <ClCompile Include="..\..\clibs\rmlui\system.cpp">
      <Filter>binding\Source Files</Filter>
    </ClCompile>
    <ClCompile Include="..\..\clibs\rmlui\pch.cpp">
      <Filter>binding\Source Files</Filter>
    </ClCompile>
    <ClCompile Include="..\..\clibs\rmlui\luaplugin.cpp">
      <Filter>binding\Source Files</Filter>
    </ClCompile>
    <ClCompile Include="..\..\clibs\rmlui\rmlapi.cpp">
      <Filter>binding\Source Files</Filter>
    </ClCompile>
    <ClCompile Include="..\..\clibs\rmlui\luadatabinding.cpp">
      <Filter>binding\Source Files</Filter>
    </ClCompile>
    <ClCompile Include="..\..\clibs\rmlui\binding_context.cpp">
      <Filter>binding\Source Files</Filter>
    </ClCompile>
    <ClCompile Include="..\..\clibs\rmlui\binding_fonteffect.cpp">
      <Filter>binding\Source Files</Filter>
    </ClCompile>
    <ClCompile Include="..\..\3rd\RmlUi\Source\BaseXMLParser.cpp">
      <Filter>source</Filter>
    </ClCompile>
    <ClCompile Include="..\..\3rd\RmlUi\Source\Clock.cpp">
      <Filter>source</Filter>
    </ClCompile>
    <ClCompile Include="..\..\3rd\RmlUi\Source\ComputeProperty.cpp">
      <Filter>source</Filter>
    </ClCompile>
    <ClCompile Include="..\..\3rd\RmlUi\Source\Context.cpp">
      <Filter>source</Filter>
    </ClCompile>
    <ClCompile Include="..\..\3rd\RmlUi\Source\Core.cpp">
      <Filter>source</Filter>
    </ClCompile>
    <ClCompile Include="..\..\3rd\RmlUi\Source\DataController.cpp">
      <Filter>source</Filter>
    </ClCompile>
    <ClCompile Include="..\..\3rd\RmlUi\Source\DataControllerDefault.cpp">
      <Filter>source</Filter>
    </ClCompile>
    <ClCompile Include="..\..\3rd\RmlUi\Source\DataExpression.cpp">
      <Filter>source</Filter>
    </ClCompile>
    <ClCompile Include="..\..\3rd\RmlUi\Source\DataModel.cpp">
      <Filter>source</Filter>
    </ClCompile>
    <ClCompile Include="..\..\3rd\RmlUi\Source\DataModelHandle.cpp">
      <Filter>source</Filter>
    </ClCompile>
    <ClCompile Include="..\..\3rd\RmlUi\Source\DataTypeRegister.cpp">
      <Filter>source</Filter>
    </ClCompile>
    <ClCompile Include="..\..\3rd\RmlUi\Source\DataVariable.cpp">
      <Filter>source</Filter>
    </ClCompile>
    <ClCompile Include="..\..\3rd\RmlUi\Source\DataView.cpp">
      <Filter>source</Filter>
    </ClCompile>
    <ClCompile Include="..\..\3rd\RmlUi\Source\DataViewDefault.cpp">
      <Filter>source</Filter>
    </ClCompile>
    <ClCompile Include="..\..\3rd\RmlUi\Source\Element.cpp">
      <Filter>source</Filter>
    </ClCompile>
    <ClCompile Include="..\..\3rd\RmlUi\Source\ElementAnimation.cpp">
      <Filter>source</Filter>
    </ClCompile>
    <ClCompile Include="..\..\3rd\RmlUi\Source\ElementBackgroundBorder.cpp">
      <Filter>source</Filter>
    </ClCompile>
    <ClCompile Include="..\..\3rd\RmlUi\Source\ElementBackgroundImage.cpp">
      <Filter>source</Filter>
    </ClCompile>
    <ClCompile Include="..\..\3rd\RmlUi\Source\ElementDefinition.cpp">
      <Filter>source</Filter>
    </ClCompile>
    <ClCompile Include="..\..\3rd\RmlUi\Source\ElementDocument.cpp">
      <Filter>source</Filter>
    </ClCompile>
    <ClCompile Include="..\..\3rd\RmlUi\Source\ElementStyle.cpp">
      <Filter>source</Filter>
    </ClCompile>
    <ClCompile Include="..\..\3rd\RmlUi\Source\ElementText.cpp">
      <Filter>source</Filter>
    </ClCompile>
    <ClCompile Include="..\..\3rd\RmlUi\Source\ElementUtilities.cpp">
      <Filter>source</Filter>
    </ClCompile>
    <ClCompile Include="..\..\3rd\RmlUi\Source\Event.cpp">
      <Filter>source</Filter>
    </ClCompile>
    <ClCompile Include="..\..\3rd\RmlUi\Source\EventDispatcher.cpp">
      <Filter>source</Filter>
    </ClCompile>
    <ClCompile Include="..\..\3rd\RmlUi\Source\EventListenerInstancer.cpp">
      <Filter>source</Filter>
    </ClCompile>
    <ClCompile Include="..\..\3rd\RmlUi\Source\EventSpecification.cpp">
      <Filter>source</Filter>
    </ClCompile>
    <ClCompile Include="..\..\3rd\RmlUi\Source\Factory.cpp">
      <Filter>source</Filter>
    </ClCompile>
    <ClCompile Include="..\..\3rd\RmlUi\Source\FileInterface.cpp">
      <Filter>source</Filter>
    </ClCompile>
    <ClCompile Include="..\..\3rd\RmlUi\Source\FileInterfaceDefault.cpp">
      <Filter>source</Filter>
    </ClCompile>
    <ClCompile Include="..\..\3rd\RmlUi\Source\FontEngineInterface.cpp">
      <Filter>source</Filter>
    </ClCompile>
    <ClCompile Include="..\..\3rd\RmlUi\Source\Geometry.cpp">
      <Filter>source</Filter>
    </ClCompile>
    <ClCompile Include="..\..\3rd\RmlUi\Source\GeometryBackgroundBorder.cpp">
      <Filter>source</Filter>
    </ClCompile>
    <ClCompile Include="..\..\3rd\RmlUi\Source\GeometryDatabase.cpp">
      <Filter>source</Filter>
    </ClCompile>
    <ClCompile Include="..\..\3rd\RmlUi\Source\GeometryUtilities.cpp">
      <Filter>source</Filter>
    </ClCompile>
    <ClCompile Include="..\..\3rd\RmlUi\Source\Layout.cpp">
      <Filter>source</Filter>
    </ClCompile>
    <ClCompile Include="..\..\3rd\RmlUi\Source\Log.cpp">
      <Filter>source</Filter>
    </ClCompile>
    <ClCompile Include="..\..\3rd\RmlUi\Source\Math.cpp">
      <Filter>source</Filter>
    </ClCompile>
    <ClCompile Include="..\..\3rd\RmlUi\Source\Memory.cpp">
      <Filter>source</Filter>
    </ClCompile>
    <ClCompile Include="..\..\3rd\RmlUi\Source\ObserverPtr.cpp">
      <Filter>source</Filter>
    </ClCompile>
    <ClCompile Include="..\..\3rd\RmlUi\Source\Plugin.cpp">
      <Filter>source</Filter>
    </ClCompile>
    <ClCompile Include="..\..\3rd\RmlUi\Source\PluginRegistry.cpp">
      <Filter>source</Filter>
    </ClCompile>
    <ClCompile Include="..\..\3rd\RmlUi\Source\PropertiesIteratorView.cpp">
      <Filter>source</Filter>
    </ClCompile>
    <ClCompile Include="..\..\3rd\RmlUi\Source\Property.cpp">
      <Filter>source</Filter>
    </ClCompile>
    <ClCompile Include="..\..\3rd\RmlUi\Source\PropertyDefinition.cpp">
      <Filter>source</Filter>
    </ClCompile>
    <ClCompile Include="..\..\3rd\RmlUi\Source\PropertyDictionary.cpp">
      <Filter>source</Filter>
    </ClCompile>
    <ClCompile Include="..\..\3rd\RmlUi\Source\PropertyParserAnimation.cpp">
      <Filter>source</Filter>
    </ClCompile>
    <ClCompile Include="..\..\3rd\RmlUi\Source\PropertyParserColour.cpp">
      <Filter>source</Filter>
    </ClCompile>
    <ClCompile Include="..\..\3rd\RmlUi\Source\PropertyParserKeyword.cpp">
      <Filter>source</Filter>
    </ClCompile>
    <ClCompile Include="..\..\3rd\RmlUi\Source\PropertyParserNumber.cpp">
      <Filter>source</Filter>
    </ClCompile>
    <ClCompile Include="..\..\3rd\RmlUi\Source\PropertyParserString.cpp">
      <Filter>source</Filter>
    </ClCompile>
    <ClCompile Include="..\..\3rd\RmlUi\Source\PropertyParserTransform.cpp">
      <Filter>source</Filter>
    </ClCompile>
    <ClCompile Include="..\..\3rd\RmlUi\Source\PropertySpecification.cpp">
      <Filter>source</Filter>
    </ClCompile>
    <ClCompile Include="..\..\3rd\RmlUi\Source\RenderInterface.cpp">
      <Filter>source</Filter>
    </ClCompile>
    <ClCompile Include="..\..\3rd\RmlUi\Source\Stream.cpp">
      <Filter>source</Filter>
    </ClCompile>
    <ClCompile Include="..\..\3rd\RmlUi\Source\StreamFile.cpp">
      <Filter>source</Filter>
    </ClCompile>
    <ClCompile Include="..\..\3rd\RmlUi\Source\StreamMemory.cpp">
      <Filter>source</Filter>
    </ClCompile>
    <ClCompile Include="..\..\3rd\RmlUi\Source\StringUtilities.cpp">
      <Filter>source</Filter>
    </ClCompile>
    <ClCompile Include="..\..\3rd\RmlUi\Source\StyleSheet.cpp">
      <Filter>source</Filter>
    </ClCompile>
    <ClCompile Include="..\..\3rd\RmlUi\Source\StyleSheetFactory.cpp">
      <Filter>source</Filter>
    </ClCompile>
    <ClCompile Include="..\..\3rd\RmlUi\Source\StyleSheetNode.cpp">
      <Filter>source</Filter>
    </ClCompile>
    <ClCompile Include="..\..\3rd\RmlUi\Source\StyleSheetNodeSelector.cpp">
      <Filter>source</Filter>
    </ClCompile>
    <ClCompile Include="..\..\3rd\RmlUi\Source\StyleSheetNodeSelectorEmpty.cpp">
      <Filter>source</Filter>
    </ClCompile>
    <ClCompile Include="..\..\3rd\RmlUi\Source\StyleSheetNodeSelectorFirstChild.cpp">
      <Filter>source</Filter>
    </ClCompile>
    <ClCompile Include="..\..\3rd\RmlUi\Source\StyleSheetNodeSelectorFirstOfType.cpp">
      <Filter>source</Filter>
    </ClCompile>
    <ClCompile Include="..\..\3rd\RmlUi\Source\StyleSheetNodeSelectorLastChild.cpp">
      <Filter>source</Filter>
    </ClCompile>
    <ClCompile Include="..\..\3rd\RmlUi\Source\StyleSheetNodeSelectorLastOfType.cpp">
      <Filter>source</Filter>
    </ClCompile>
    <ClCompile Include="..\..\3rd\RmlUi\Source\StyleSheetNodeSelectorNthChild.cpp">
      <Filter>source</Filter>
    </ClCompile>
    <ClCompile Include="..\..\3rd\RmlUi\Source\StyleSheetNodeSelectorNthLastChild.cpp">
      <Filter>source</Filter>
    </ClCompile>
    <ClCompile Include="..\..\3rd\RmlUi\Source\StyleSheetNodeSelectorNthLastOfType.cpp">
      <Filter>source</Filter>
    </ClCompile>
    <ClCompile Include="..\..\3rd\RmlUi\Source\StyleSheetNodeSelectorNthOfType.cpp">
      <Filter>source</Filter>
    </ClCompile>
    <ClCompile Include="..\..\3rd\RmlUi\Source\StyleSheetNodeSelectorOnlyChild.cpp">
      <Filter>source</Filter>
    </ClCompile>
    <ClCompile Include="..\..\3rd\RmlUi\Source\StyleSheetNodeSelectorOnlyOfType.cpp">
      <Filter>source</Filter>
    </ClCompile>
    <ClCompile Include="..\..\3rd\RmlUi\Source\StyleSheetParser.cpp">
      <Filter>source</Filter>
    </ClCompile>
    <ClCompile Include="..\..\3rd\RmlUi\Source\StyleSheetSpecification.cpp">
      <Filter>source</Filter>
    </ClCompile>
    <ClCompile Include="..\..\3rd\RmlUi\Source\SystemInterface.cpp">
      <Filter>source</Filter>
    </ClCompile>
    <ClCompile Include="..\..\3rd\RmlUi\Source\Texture.cpp">
      <Filter>source</Filter>
    </ClCompile>
    <ClCompile Include="..\..\3rd\RmlUi\Source\TextureDatabase.cpp">
      <Filter>source</Filter>
    </ClCompile>
    <ClCompile Include="..\..\3rd\RmlUi\Source\TextureResource.cpp">
      <Filter>source</Filter>
    </ClCompile>
    <ClCompile Include="..\..\3rd\RmlUi\Source\Transform.cpp">
      <Filter>source</Filter>
    </ClCompile>
    <ClCompile Include="..\..\3rd\RmlUi\Source\TransformPrimitive.cpp">
      <Filter>source</Filter>
    </ClCompile>
    <ClCompile Include="..\..\3rd\RmlUi\Source\TransformState.cpp">
      <Filter>source</Filter>
    </ClCompile>
    <ClCompile Include="..\..\3rd\RmlUi\Source\TransformUtilities.cpp">
      <Filter>source</Filter>
    </ClCompile>
    <ClCompile Include="..\..\3rd\RmlUi\Source\Tween.cpp">
      <Filter>source</Filter>
    </ClCompile>
    <ClCompile Include="..\..\3rd\RmlUi\Source\TypeConverter.cpp">
      <Filter>source</Filter>
    </ClCompile>
    <ClCompile Include="..\..\3rd\RmlUi\Source\URL.cpp">
      <Filter>source</Filter>
    </ClCompile>
    <ClCompile Include="..\..\3rd\RmlUi\Source\Variant.cpp">
      <Filter>source</Filter>
    </ClCompile>
    <ClCompile Include="..\..\3rd\RmlUi\Source\Vector3.cpp">
      <Filter>source</Filter>
    </ClCompile>
    <ClCompile Include="..\..\3rd\RmlUi\Source\Vector4.cpp">
      <Filter>source</Filter>
    </ClCompile>
    <ClCompile Include="..\..\3rd\RmlUi\Source\XMLNodeHandler.cpp">
      <Filter>source</Filter>
    </ClCompile>
    <ClCompile Include="..\..\3rd\RmlUi\Source\XMLNodeHandlerBody.cpp">
      <Filter>source</Filter>
    </ClCompile>
    <ClCompile Include="..\..\3rd\RmlUi\Source\XMLNodeHandlerDefault.cpp">
      <Filter>source</Filter>
    </ClCompile>
    <ClCompile Include="..\..\3rd\RmlUi\Source\XMLNodeHandlerHead.cpp">
      <Filter>source</Filter>
    </ClCompile>
    <ClCompile Include="..\..\3rd\RmlUi\Source\XMLParser.cpp">
      <Filter>source</Filter>
    </ClCompile>
    <ClCompile Include="..\..\3rd\RmlUi\Source\XMLParseTools.cpp">
      <Filter>source</Filter>
    </ClCompile>
  </ItemGroup>
  <ItemGroup>
    <ClInclude Include="..\..\clibs\rmlui\file.h">
      <Filter>binding\Header Files</Filter>
    </ClInclude>
    <ClInclude Include="..\..\clibs\rmlui\font.h">
      <Filter>binding\Header Files</Filter>
    </ClInclude>
    <ClInclude Include="..\..\clibs\rmlui\render.h">
      <Filter>binding\Header Files</Filter>
    </ClInclude>
    <ClInclude Include="..\..\clibs\rmlui\system.h">
      <Filter>binding\Header Files</Filter>
    </ClInclude>
    <ClInclude Include="..\..\clibs\rmlui\lua2struct.h">
      <Filter>binding\Header Files</Filter>
    </ClInclude>
    <ClInclude Include="..\..\clibs\rmlui\context.h">
      <Filter>binding\Header Files</Filter>
    </ClInclude>
    <ClInclude Include="..\..\clibs\rmlui\fonteffect.h">
      <Filter>binding\Header Files</Filter>
    </ClInclude>
    <ClInclude Include="..\..\clibs\rmlui\luaplugin.h">
      <Filter>binding\Header Files</Filter>
    </ClInclude>
    <ClInclude Include="..\..\clibs\rmlui\luabind.h">
      <Filter>binding\Header Files</Filter>
    </ClInclude>
    <ClInclude Include="..\..\clibs\rmlui\pch.h">
      <Filter>binding</Filter>
    </ClInclude>
    <ClInclude Include="..\..\3rd\RmlUi\Source\Clock.h">
      <Filter>source</Filter>
    </ClInclude>
    <ClInclude Include="..\..\3rd\RmlUi\Source\ComputeProperty.h">
      <Filter>source</Filter>
    </ClInclude>
    <ClInclude Include="..\..\3rd\RmlUi\Source\DataController.h">
      <Filter>source</Filter>
    </ClInclude>
    <ClInclude Include="..\..\3rd\RmlUi\Source\DataControllerDefault.h">
      <Filter>source</Filter>
    </ClInclude>
    <ClInclude Include="..\..\3rd\RmlUi\Source\DataExpression.h">
      <Filter>source</Filter>
    </ClInclude>
    <ClInclude Include="..\..\3rd\RmlUi\Source\DataModel.h">
      <Filter>source</Filter>
    </ClInclude>
    <ClInclude Include="..\..\3rd\RmlUi\Source\DataView.h">
      <Filter>source</Filter>
    </ClInclude>
    <ClInclude Include="..\..\3rd\RmlUi\Source\DataViewDefault.h">
      <Filter>source</Filter>
    </ClInclude>
    <ClInclude Include="..\..\3rd\RmlUi\Source\DocumentHeader.h">
      <Filter>source</Filter>
    </ClInclude>
    <ClInclude Include="..\..\3rd\RmlUi\Source\ElementAnimation.h">
      <Filter>source</Filter>
    </ClInclude>
    <ClInclude Include="..\..\3rd\RmlUi\Source\ElementBackgroundBorder.h">
      <Filter>source</Filter>
    </ClInclude>
    <ClInclude Include="..\..\3rd\RmlUi\Source\ElementBackgroundImage.h">
      <Filter>source</Filter>
    </ClInclude>
    <ClInclude Include="..\..\3rd\RmlUi\Source\ElementDefinition.h">
      <Filter>source</Filter>
    </ClInclude>
    <ClInclude Include="..\..\3rd\RmlUi\Source\ElementStyle.h">
      <Filter>source</Filter>
    </ClInclude>
    <ClInclude Include="..\..\3rd\RmlUi\Source\EventDispatcher.h">
      <Filter>source</Filter>
    </ClInclude>
    <ClInclude Include="..\..\3rd\RmlUi\Source\EventSpecification.h">
      <Filter>source</Filter>
    </ClInclude>
    <ClInclude Include="..\..\3rd\RmlUi\Source\FileInterfaceDefault.h">
      <Filter>source</Filter>
    </ClInclude>
    <ClInclude Include="..\..\3rd\RmlUi\Source\GeometryBackgroundBorder.h">
      <Filter>source</Filter>
    </ClInclude>
    <ClInclude Include="..\..\3rd\RmlUi\Source\GeometryDatabase.h">
      <Filter>source</Filter>
    </ClInclude>
    <ClInclude Include="..\..\3rd\RmlUi\Source\IdNameMap.h">
      <Filter>source</Filter>
    </ClInclude>
    <ClInclude Include="..\..\3rd\RmlUi\Source\Memory.h">
      <Filter>source</Filter>
    </ClInclude>
    <ClInclude Include="..\..\3rd\RmlUi\Source\PluginRegistry.h">
      <Filter>source</Filter>
    </ClInclude>
    <ClInclude Include="..\..\3rd\RmlUi\Source\Pool.h">
      <Filter>source</Filter>
    </ClInclude>
    <ClInclude Include="..\..\3rd\RmlUi\Source\PropertiesIterator.h">
      <Filter>source</Filter>
    </ClInclude>
    <ClInclude Include="..\..\3rd\RmlUi\Source\PropertyParserAnimation.h">
      <Filter>source</Filter>
    </ClInclude>
    <ClInclude Include="..\..\3rd\RmlUi\Source\PropertyParserColour.h">
      <Filter>source</Filter>
    </ClInclude>
    <ClInclude Include="..\..\3rd\RmlUi\Source\PropertyParserKeyword.h">
      <Filter>source</Filter>
    </ClInclude>
    <ClInclude Include="..\..\3rd\RmlUi\Source\PropertyParserNumber.h">
      <Filter>source</Filter>
    </ClInclude>
    <ClInclude Include="..\..\3rd\RmlUi\Source\PropertyParserString.h">
      <Filter>source</Filter>
    </ClInclude>
    <ClInclude Include="..\..\3rd\RmlUi\Source\PropertyParserTransform.h">
      <Filter>source</Filter>
    </ClInclude>
    <ClInclude Include="..\..\3rd\RmlUi\Source\PropertyShorthandDefinition.h">
      <Filter>source</Filter>
    </ClInclude>
    <ClInclude Include="..\..\3rd\RmlUi\Source\StreamFile.h">
      <Filter>source</Filter>
    </ClInclude>
    <ClInclude Include="..\..\3rd\RmlUi\Source\StyleSheetFactory.h">
      <Filter>source</Filter>
    </ClInclude>
    <ClInclude Include="..\..\3rd\RmlUi\Source\StyleSheetNode.h">
      <Filter>source</Filter>
    </ClInclude>
    <ClInclude Include="..\..\3rd\RmlUi\Source\StyleSheetNodeSelector.h">
      <Filter>source</Filter>
    </ClInclude>
    <ClInclude Include="..\..\3rd\RmlUi\Source\StyleSheetNodeSelectorEmpty.h">
      <Filter>source</Filter>
    </ClInclude>
    <ClInclude Include="..\..\3rd\RmlUi\Source\StyleSheetNodeSelectorFirstChild.h">
      <Filter>source</Filter>
    </ClInclude>
    <ClInclude Include="..\..\3rd\RmlUi\Source\StyleSheetNodeSelectorFirstOfType.h">
      <Filter>source</Filter>
    </ClInclude>
    <ClInclude Include="..\..\3rd\RmlUi\Source\StyleSheetNodeSelectorLastChild.h">
      <Filter>source</Filter>
    </ClInclude>
    <ClInclude Include="..\..\3rd\RmlUi\Source\StyleSheetNodeSelectorLastOfType.h">
      <Filter>source</Filter>
    </ClInclude>
    <ClInclude Include="..\..\3rd\RmlUi\Source\StyleSheetNodeSelectorNthChild.h">
      <Filter>source</Filter>
    </ClInclude>
    <ClInclude Include="..\..\3rd\RmlUi\Source\StyleSheetNodeSelectorNthLastChild.h">
      <Filter>source</Filter>
    </ClInclude>
    <ClInclude Include="..\..\3rd\RmlUi\Source\StyleSheetNodeSelectorNthLastOfType.h">
      <Filter>source</Filter>
    </ClInclude>
    <ClInclude Include="..\..\3rd\RmlUi\Source\StyleSheetNodeSelectorNthOfType.h">
      <Filter>source</Filter>
    </ClInclude>
    <ClInclude Include="..\..\3rd\RmlUi\Source\StyleSheetNodeSelectorOnlyChild.h">
      <Filter>source</Filter>
    </ClInclude>
    <ClInclude Include="..\..\3rd\RmlUi\Source\StyleSheetNodeSelectorOnlyOfType.h">
      <Filter>source</Filter>
    </ClInclude>
    <ClInclude Include="..\..\3rd\RmlUi\Source\StyleSheetParser.h">
      <Filter>source</Filter>
    </ClInclude>
    <ClInclude Include="..\..\3rd\RmlUi\Source\TextureDatabase.h">
      <Filter>source</Filter>
    </ClInclude>
    <ClInclude Include="..\..\3rd\RmlUi\Source\TextureResource.h">
      <Filter>source</Filter>
    </ClInclude>
    <ClInclude Include="..\..\3rd\RmlUi\Source\TransformState.h">
      <Filter>source</Filter>
    </ClInclude>
    <ClInclude Include="..\..\3rd\RmlUi\Source\TransformUtilities.h">
      <Filter>source</Filter>
    </ClInclude>
    <ClInclude Include="..\..\3rd\RmlUi\Source\Utilities.h">
      <Filter>source</Filter>
    </ClInclude>
    <ClInclude Include="..\..\3rd\RmlUi\Source\XMLNodeHandlerBody.h">
      <Filter>source</Filter>
    </ClInclude>
    <ClInclude Include="..\..\3rd\RmlUi\Source\XMLNodeHandlerDefault.h">
      <Filter>source</Filter>
    </ClInclude>
    <ClInclude Include="..\..\3rd\RmlUi\Source\XMLNodeHandlerHead.h">
      <Filter>source</Filter>
    </ClInclude>
    <ClInclude Include="..\..\3rd\RmlUi\Source\XMLParseTools.h">
      <Filter>source</Filter>
    </ClInclude>
    <ClInclude Include="..\..\3rd\RmlUi\Include\RmlUi\Animation.h">
      <Filter>include</Filter>
    </ClInclude>
    <ClInclude Include="..\..\3rd\RmlUi\Include\RmlUi\BaseXMLParser.h">
      <Filter>include</Filter>
    </ClInclude>
    <ClInclude Include="..\..\3rd\RmlUi\Include\RmlUi\Colour.h">
      <Filter>include</Filter>
    </ClInclude>
    <ClInclude Include="..\..\3rd\RmlUi\Include\RmlUi\ComputedValues.h">
      <Filter>include</Filter>
    </ClInclude>
    <ClInclude Include="..\..\3rd\RmlUi\Include\RmlUi\Config.h">
      <Filter>include</Filter>
    </ClInclude>
    <ClInclude Include="..\..\3rd\RmlUi\Include\RmlUi\Context.h">
      <Filter>include</Filter>
    </ClInclude>
    <ClInclude Include="..\..\3rd\RmlUi\Include\RmlUi\Core.h">
      <Filter>include</Filter>
    </ClInclude>
    <ClInclude Include="..\..\3rd\RmlUi\Include\RmlUi\DataModelHandle.h">
      <Filter>include</Filter>
    </ClInclude>
    <ClInclude Include="..\..\3rd\RmlUi\Include\RmlUi\DataTypeRegister.h">
      <Filter>include</Filter>
    </ClInclude>
    <ClInclude Include="..\..\3rd\RmlUi\Include\RmlUi\DataTypes.h">
      <Filter>include</Filter>
    </ClInclude>
    <ClInclude Include="..\..\3rd\RmlUi\Include\RmlUi\DataVariable.h">
      <Filter>include</Filter>
    </ClInclude>
    <ClInclude Include="..\..\3rd\RmlUi\Include\RmlUi\Debug.h">
      <Filter>include</Filter>
    </ClInclude>
    <ClInclude Include="..\..\3rd\RmlUi\Include\RmlUi\Dictionary.h">
      <Filter>include</Filter>
    </ClInclude>
    <ClInclude Include="..\..\3rd\RmlUi\Include\RmlUi\Element.h">
      <Filter>include</Filter>
    </ClInclude>
    <ClInclude Include="..\..\3rd\RmlUi\Include\RmlUi\ElementDocument.h">
      <Filter>include</Filter>
    </ClInclude>
    <ClInclude Include="..\..\3rd\RmlUi\Include\RmlUi\ElementText.h">
      <Filter>include</Filter>
    </ClInclude>
    <ClInclude Include="..\..\3rd\RmlUi\Include\RmlUi\ElementUtilities.h">
      <Filter>include</Filter>
    </ClInclude>
    <ClInclude Include="..\..\3rd\RmlUi\Include\RmlUi\Event.h">
      <Filter>include</Filter>
    </ClInclude>
    <ClInclude Include="..\..\3rd\RmlUi\Include\RmlUi\EventListener.h">
      <Filter>include</Filter>
    </ClInclude>
    <ClInclude Include="..\..\3rd\RmlUi\Include\RmlUi\EventListenerInstancer.h">
      <Filter>include</Filter>
    </ClInclude>
    <ClInclude Include="..\..\3rd\RmlUi\Include\RmlUi\Factory.h">
      <Filter>include</Filter>
    </ClInclude>
    <ClInclude Include="..\..\3rd\RmlUi\Include\RmlUi\FileInterface.h">
      <Filter>include</Filter>
    </ClInclude>
    <ClInclude Include="..\..\3rd\RmlUi\Include\RmlUi\FontEngineInterface.h">
      <Filter>include</Filter>
    </ClInclude>
    <ClInclude Include="..\..\3rd\RmlUi\Include\RmlUi\Geometry.h">
      <Filter>include</Filter>
    </ClInclude>
    <ClInclude Include="..\..\3rd\RmlUi\Include\RmlUi\GeometryUtilities.h">
      <Filter>include</Filter>
    </ClInclude>
    <ClInclude Include="..\..\3rd\RmlUi\Include\RmlUi\Header.h">
      <Filter>include</Filter>
    </ClInclude>
    <ClInclude Include="..\..\3rd\RmlUi\Include\RmlUi\ID.h">
      <Filter>include</Filter>
    </ClInclude>
    <ClInclude Include="..\..\3rd\RmlUi\Include\RmlUi\Input.h">
      <Filter>include</Filter>
    </ClInclude>
    <ClInclude Include="..\..\3rd\RmlUi\Include\RmlUi\Layout.h">
      <Filter>include</Filter>
    </ClInclude>
    <ClInclude Include="..\..\3rd\RmlUi\Include\RmlUi\Log.h">
      <Filter>include</Filter>
    </ClInclude>
    <ClInclude Include="..\..\3rd\RmlUi\Include\RmlUi\Math.h">
      <Filter>include</Filter>
    </ClInclude>
    <ClInclude Include="..\..\3rd\RmlUi\Include\RmlUi\MathTypes.h">
      <Filter>include</Filter>
    </ClInclude>
    <ClInclude Include="..\..\3rd\RmlUi\Include\RmlUi\Matrix4.h">
      <Filter>include</Filter>
    </ClInclude>
    <ClInclude Include="..\..\3rd\RmlUi\Include\RmlUi\ObserverPtr.h">
      <Filter>include</Filter>
    </ClInclude>
    <ClInclude Include="..\..\3rd\RmlUi\Include\RmlUi\Platform.h">
      <Filter>include</Filter>
    </ClInclude>
    <ClInclude Include="..\..\3rd\RmlUi\Include\RmlUi\Plugin.h">
      <Filter>include</Filter>
    </ClInclude>
    <ClInclude Include="..\..\3rd\RmlUi\Include\RmlUi\PropertiesIteratorView.h">
      <Filter>include</Filter>
    </ClInclude>
    <ClInclude Include="..\..\3rd\RmlUi\Include\RmlUi\Property.h">
      <Filter>include</Filter>
    </ClInclude>
    <ClInclude Include="..\..\3rd\RmlUi\Include\RmlUi\PropertyDefinition.h">
      <Filter>include</Filter>
    </ClInclude>
    <ClInclude Include="..\..\3rd\RmlUi\Include\RmlUi\PropertyDictionary.h">
      <Filter>include</Filter>
    </ClInclude>
    <ClInclude Include="..\..\3rd\RmlUi\Include\RmlUi\PropertyIdSet.h">
      <Filter>include</Filter>
    </ClInclude>
    <ClInclude Include="..\..\3rd\RmlUi\Include\RmlUi\PropertyParser.h">
      <Filter>include</Filter>
    </ClInclude>
    <ClInclude Include="..\..\3rd\RmlUi\Include\RmlUi\PropertySpecification.h">
      <Filter>include</Filter>
    </ClInclude>
    <ClInclude Include="..\..\3rd\RmlUi\Include\RmlUi\RenderInterface.h">
      <Filter>include</Filter>
    </ClInclude>
    <ClInclude Include="..\..\3rd\RmlUi\Include\RmlUi\Stream.h">
      <Filter>include</Filter>
    </ClInclude>
    <ClInclude Include="..\..\3rd\RmlUi\Include\RmlUi\StreamMemory.h">
      <Filter>include</Filter>
    </ClInclude>
    <ClInclude Include="..\..\3rd\RmlUi\Include\RmlUi\StringUtilities.h">
      <Filter>include</Filter>
    </ClInclude>
    <ClInclude Include="..\..\3rd\RmlUi\Include\RmlUi\StyleSheet.h">
      <Filter>include</Filter>
    </ClInclude>
    <ClInclude Include="..\..\3rd\RmlUi\Include\RmlUi\StyleSheetSpecification.h">
      <Filter>include</Filter>
    </ClInclude>
    <ClInclude Include="..\..\3rd\RmlUi\Include\RmlUi\SystemInterface.h">
      <Filter>include</Filter>
    </ClInclude>
    <ClInclude Include="..\..\3rd\RmlUi\Include\RmlUi\TextEffect.h">
      <Filter>include</Filter>
    </ClInclude>
    <ClInclude Include="..\..\3rd\RmlUi\Include\RmlUi\Texture.h">
      <Filter>include</Filter>
    </ClInclude>
    <ClInclude Include="..\..\3rd\RmlUi\Include\RmlUi\Traits.h">
      <Filter>include</Filter>
    </ClInclude>
    <ClInclude Include="..\..\3rd\RmlUi\Include\RmlUi\Transform.h">
      <Filter>include</Filter>
    </ClInclude>
    <ClInclude Include="..\..\3rd\RmlUi\Include\RmlUi\TransformPrimitive.h">
      <Filter>include</Filter>
    </ClInclude>
    <ClInclude Include="..\..\3rd\RmlUi\Include\RmlUi\Tween.h">
      <Filter>include</Filter>
    </ClInclude>
    <ClInclude Include="..\..\3rd\RmlUi\Include\RmlUi\TypeConverter.h">
      <Filter>include</Filter>
    </ClInclude>
    <ClInclude Include="..\..\3rd\RmlUi\Include\RmlUi\Types.h">
      <Filter>include</Filter>
    </ClInclude>
    <ClInclude Include="..\..\3rd\RmlUi\Include\RmlUi\URL.h">
      <Filter>include</Filter>
    </ClInclude>
    <ClInclude Include="..\..\3rd\RmlUi\Include\RmlUi\Variant.h">
      <Filter>include</Filter>
    </ClInclude>
    <ClInclude Include="..\..\3rd\RmlUi\Include\RmlUi\Vector2.h">
      <Filter>include</Filter>
    </ClInclude>
    <ClInclude Include="..\..\3rd\RmlUi\Include\RmlUi\Vector3.h">
      <Filter>include</Filter>
    </ClInclude>
    <ClInclude Include="..\..\3rd\RmlUi\Include\RmlUi\Vector4.h">
      <Filter>include</Filter>
    </ClInclude>
    <ClInclude Include="..\..\3rd\RmlUi\Include\RmlUi\Vertex.h">
      <Filter>include</Filter>
    </ClInclude>
    <ClInclude Include="..\..\3rd\RmlUi\Include\RmlUi\XMLNodeHandler.h">
      <Filter>include</Filter>
    </ClInclude>
    <ClInclude Include="..\..\3rd\RmlUi\Include\RmlUi\XMLParser.h">
      <Filter>include</Filter>
    </ClInclude>
  </ItemGroup>
  <ItemGroup>
    <None Include="..\..\3rd\RmlUi\Source\Pool.inl">
      <Filter>source</Filter>
    </None>
    <None Include="..\..\3rd\RmlUi\Include\RmlUi\Colour.inl">
      <Filter>include</Filter>
    </None>
    <None Include="..\..\3rd\RmlUi\Include\RmlUi\Element.inl">
      <Filter>include</Filter>
    </None>
    <None Include="..\..\3rd\RmlUi\Include\RmlUi\Matrix4.inl">
      <Filter>include</Filter>
    </None>
    <None Include="..\..\3rd\RmlUi\Include\RmlUi\TypeConverter.inl">
      <Filter>include</Filter>
    </None>
    <None Include="..\..\3rd\RmlUi\Include\RmlUi\Variant.inl">
      <Filter>include</Filter>
    </None>
    <None Include="..\..\3rd\RmlUi\Include\RmlUi\Vector2.inl">
      <Filter>include</Filter>
    </None>
    <None Include="..\..\3rd\RmlUi\Include\RmlUi\Vector3.inl">
      <Filter>include</Filter>
    </None>
    <None Include="..\..\3rd\RmlUi\Include\RmlUi\Vector4.inl">
      <Filter>include</Filter>
    </None>
  </ItemGroup>
</Project>