// !$*UTF8*$!
{
	archiveVersion = 1;
	classes = {
	};
	objectVersion = 50;
	objects = {

/* Begin PBXBuildFile section */
		11BA4F01261E930C008B5776 /* lstate.c in Sources */ = {isa = PBXBuildFile; fileRef = 11BA4EBA261E930B008B5776 /* lstate.c */; };
		11BA4F02261E930C008B5776 /* lobject.c in Sources */ = {isa = PBXBuildFile; fileRef = 11BA4EBB261E930B008B5776 /* lobject.c */; };
		11BA4F03261E930C008B5776 /* ldebug.c in Sources */ = {isa = PBXBuildFile; fileRef = 11BA4EBC261E930B008B5776 /* ldebug.c */; };
		11BA4F04261E930C008B5776 /* lvm.c in Sources */ = {isa = PBXBuildFile; fileRef = 11BA4EC2261E930B008B5776 /* lvm.c */; };
		11BA4F06261E930C008B5776 /* loadlib.c in Sources */ = {isa = PBXBuildFile; fileRef = 11BA4EC4261E930B008B5776 /* loadlib.c */; };
		11BA4F07261E930C008B5776 /* lctype.c in Sources */ = {isa = PBXBuildFile; fileRef = 11BA4EC7261E930B008B5776 /* lctype.c */; };
		11BA4F08261E930C008B5776 /* ltm.c in Sources */ = {isa = PBXBuildFile; fileRef = 11BA4EC8261E930B008B5776 /* ltm.c */; };
		11BA4F09261E930C008B5776 /* liolib.c in Sources */ = {isa = PBXBuildFile; fileRef = 11BA4EC9261E930B008B5776 /* liolib.c */; };
		11BA4F0A261E930C008B5776 /* ldo.c in Sources */ = {isa = PBXBuildFile; fileRef = 11BA4ECA261E930B008B5776 /* ldo.c */; };
		11BA4F0B261E930C008B5776 /* ldblib.c in Sources */ = {isa = PBXBuildFile; fileRef = 11BA4ECF261E930B008B5776 /* ldblib.c */; };
		11BA4F0C261E930C008B5776 /* ldump.c in Sources */ = {isa = PBXBuildFile; fileRef = 11BA4ED0261E930B008B5776 /* ldump.c */; };
		11BA4F0E261E930C008B5776 /* lgc.c in Sources */ = {isa = PBXBuildFile; fileRef = 11BA4ED3261E930B008B5776 /* lgc.c */; };
		11BA4F0F261E930C008B5776 /* lopcodes.c in Sources */ = {isa = PBXBuildFile; fileRef = 11BA4ED4261E930B008B5776 /* lopcodes.c */; };
		11BA4F10261E930C008B5776 /* ltable.c in Sources */ = {isa = PBXBuildFile; fileRef = 11BA4ED6261E930B008B5776 /* ltable.c */; };
		11BA4F11261E930C008B5776 /* lua.c in Sources */ = {isa = PBXBuildFile; fileRef = 11BA4ED7261E930B008B5776 /* lua.c */; };
		11BA4F12261E930C008B5776 /* loslib.c in Sources */ = {isa = PBXBuildFile; fileRef = 11BA4ED8261E930B008B5776 /* loslib.c */; };
		11BA4F13261E930C008B5776 /* lparser.c in Sources */ = {isa = PBXBuildFile; fileRef = 11BA4ED9261E930B008B5776 /* lparser.c */; };
		11BA4F14261E930C008B5776 /* lcode.c in Sources */ = {isa = PBXBuildFile; fileRef = 11BA4EDB261E930B008B5776 /* lcode.c */; };
		11BA4F15261E930C008B5776 /* lundump.c in Sources */ = {isa = PBXBuildFile; fileRef = 11BA4EDC261E930B008B5776 /* lundump.c */; };
		11BA4F17261E930C008B5776 /* lstrlib.c in Sources */ = {isa = PBXBuildFile; fileRef = 11BA4EE2261E930B008B5776 /* lstrlib.c */; };
		11BA4F19261E930C008B5776 /* lzio.c in Sources */ = {isa = PBXBuildFile; fileRef = 11BA4EEA261E930B008B5776 /* lzio.c */; };
		11BA4F1A261E930C008B5776 /* lstring.c in Sources */ = {isa = PBXBuildFile; fileRef = 11BA4EEB261E930B008B5776 /* lstring.c */; };
		11BA4F1B261E930C008B5776 /* llex.c in Sources */ = {isa = PBXBuildFile; fileRef = 11BA4EED261E930B008B5776 /* llex.c */; };
		11BA4F1D261E930C008B5776 /* lapi.c in Sources */ = {isa = PBXBuildFile; fileRef = 11BA4EF1261E930B008B5776 /* lapi.c */; };
		11BA4F1E261E930C008B5776 /* lfunc.c in Sources */ = {isa = PBXBuildFile; fileRef = 11BA4EF2261E930B008B5776 /* lfunc.c */; };
		11BA4F1F261E930C008B5776 /* lbaselib.c in Sources */ = {isa = PBXBuildFile; fileRef = 11BA4EF3261E930B008B5776 /* lbaselib.c */; };
		11BA4F20261E930C008B5776 /* lauxlib.c in Sources */ = {isa = PBXBuildFile; fileRef = 11BA4EF5261E930B008B5776 /* lauxlib.c */; };
		11BA4F21261E930C008B5776 /* lcorolib.c in Sources */ = {isa = PBXBuildFile; fileRef = 11BA4EF7261E930B008B5776 /* lcorolib.c */; };
		11BA4F22261E930C008B5776 /* lmathlib.c in Sources */ = {isa = PBXBuildFile; fileRef = 11BA4EF9261E930B008B5776 /* lmathlib.c */; };
		11BA4F23261E930C008B5776 /* linit.c in Sources */ = {isa = PBXBuildFile; fileRef = 11BA4EFA261E930B008B5776 /* linit.c */; };
		11BA4F24261E930C008B5776 /* ltablib.c in Sources */ = {isa = PBXBuildFile; fileRef = 11BA4EFC261E930C008B5776 /* ltablib.c */; };
		11BA4F25261E930C008B5776 /* lmem.c in Sources */ = {isa = PBXBuildFile; fileRef = 11BA4EFD261E930C008B5776 /* lmem.c */; };
		11BA4F26261E930C008B5776 /* lutf8lib.c in Sources */ = {isa = PBXBuildFile; fileRef = 11BA4EFF261E930C008B5776 /* lutf8lib.c */; };
/* End PBXBuildFile section */

/* Begin PBXCopyFilesBuildPhase section */
		11BA4EAC261E92CB008B5776 /* Copy Files */ = {
			isa = PBXCopyFilesBuildPhase;
			buildActionMask = 2147483647;
			dstPath = /usr/share/man/man1;
			dstSubfolderSpec = 0;
			files = (
			);
			name = "Copy Files";
			runOnlyForDeploymentPostprocessing = 1;
		};
/* End PBXCopyFilesBuildPhase section */

/* Begin PBXFileReference section */
		11BA4EAE261E92CB008B5776 /* lua */ = {isa = PBXFileReference; explicitFileType = "compiled.mach-o.executable"; includeInIndex = 0; path = lua; sourceTree = BUILT_PRODUCTS_DIR; };
		11BA4EBA261E930B008B5776 /* lstate.c */ = {isa = PBXFileReference; fileEncoding = 4; lastKnownFileType = sourcecode.c.c; name = lstate.c; path = ../../../../clibs/lua/lstate.c; sourceTree = "<group>"; };
		11BA4EBB261E930B008B5776 /* lobject.c */ = {isa = PBXFileReference; fileEncoding = 4; lastKnownFileType = sourcecode.c.c; name = lobject.c; path = ../../../../clibs/lua/lobject.c; sourceTree = "<group>"; };
		11BA4EBC261E930B008B5776 /* ldebug.c */ = {isa = PBXFileReference; fileEncoding = 4; lastKnownFileType = sourcecode.c.c; name = ldebug.c; path = ../../../../clibs/lua/ldebug.c; sourceTree = "<group>"; };
		11BA4EBD261E930B008B5776 /* lapi.h */ = {isa = PBXFileReference; fileEncoding = 4; lastKnownFileType = sourcecode.c.h; name = lapi.h; path = ../../../../clibs/lua/lapi.h; sourceTree = "<group>"; };
		11BA4EBE261E930B008B5776 /* lcode.h */ = {isa = PBXFileReference; fileEncoding = 4; lastKnownFileType = sourcecode.c.h; name = lcode.h; path = ../../../../clibs/lua/lcode.h; sourceTree = "<group>"; };
		11BA4EBF261E930B008B5776 /* ljumptab.h */ = {isa = PBXFileReference; fileEncoding = 4; lastKnownFileType = sourcecode.c.h; name = ljumptab.h; path = ../../../../clibs/lua/ljumptab.h; sourceTree = "<group>"; };
		11BA4EC0261E930B008B5776 /* lprefix.h */ = {isa = PBXFileReference; fileEncoding = 4; lastKnownFileType = sourcecode.c.h; name = lprefix.h; path = ../../../../clibs/lua/lprefix.h; sourceTree = "<group>"; };
		11BA4EC1261E930B008B5776 /* lzio.h */ = {isa = PBXFileReference; fileEncoding = 4; lastKnownFileType = sourcecode.c.h; name = lzio.h; path = ../../../../clibs/lua/lzio.h; sourceTree = "<group>"; };
		11BA4EC2261E930B008B5776 /* lvm.c */ = {isa = PBXFileReference; fileEncoding = 4; lastKnownFileType = sourcecode.c.c; name = lvm.c; path = ../../../../clibs/lua/lvm.c; sourceTree = "<group>"; };
		11BA4EC4261E930B008B5776 /* loadlib.c */ = {isa = PBXFileReference; fileEncoding = 4; lastKnownFileType = sourcecode.c.c; name = loadlib.c; path = ../../../../clibs/lua/loadlib.c; sourceTree = "<group>"; };
		11BA4EC5261E930B008B5776 /* llex.h */ = {isa = PBXFileReference; fileEncoding = 4; lastKnownFileType = sourcecode.c.h; name = llex.h; path = ../../../../clibs/lua/llex.h; sourceTree = "<group>"; };
		11BA4EC6261E930B008B5776 /* llimits.h */ = {isa = PBXFileReference; fileEncoding = 4; lastKnownFileType = sourcecode.c.h; name = llimits.h; path = ../../../../clibs/lua/llimits.h; sourceTree = "<group>"; };
		11BA4EC7261E930B008B5776 /* lctype.c */ = {isa = PBXFileReference; fileEncoding = 4; lastKnownFileType = sourcecode.c.c; name = lctype.c; path = ../../../../clibs/lua/lctype.c; sourceTree = "<group>"; };
		11BA4EC8261E930B008B5776 /* ltm.c */ = {isa = PBXFileReference; fileEncoding = 4; lastKnownFileType = sourcecode.c.c; name = ltm.c; path = ../../../../clibs/lua/ltm.c; sourceTree = "<group>"; };
		11BA4EC9261E930B008B5776 /* liolib.c */ = {isa = PBXFileReference; fileEncoding = 4; lastKnownFileType = sourcecode.c.c; name = liolib.c; path = ../../../../clibs/lua/liolib.c; sourceTree = "<group>"; };
		11BA4ECA261E930B008B5776 /* ldo.c */ = {isa = PBXFileReference; fileEncoding = 4; lastKnownFileType = sourcecode.c.c; name = ldo.c; path = ../../../../clibs/lua/ldo.c; sourceTree = "<group>"; };
		11BA4ECB261E930B008B5776 /* lctype.h */ = {isa = PBXFileReference; fileEncoding = 4; lastKnownFileType = sourcecode.c.h; name = lctype.h; path = ../../../../clibs/lua/lctype.h; sourceTree = "<group>"; };
		11BA4ECC261E930B008B5776 /* luaconf.h */ = {isa = PBXFileReference; fileEncoding = 4; lastKnownFileType = sourcecode.c.h; name = luaconf.h; path = ../../../../clibs/lua/luaconf.h; sourceTree = "<group>"; };
		11BA4ECD261E930B008B5776 /* lfunc.h */ = {isa = PBXFileReference; fileEncoding = 4; lastKnownFileType = sourcecode.c.h; name = lfunc.h; path = ../../../../clibs/lua/lfunc.h; sourceTree = "<group>"; };
		11BA4ECE261E930B008B5776 /* lualib.h */ = {isa = PBXFileReference; fileEncoding = 4; lastKnownFileType = sourcecode.c.h; name = lualib.h; path = ../../../../clibs/lua/lualib.h; sourceTree = "<group>"; };
		11BA4ECF261E930B008B5776 /* ldblib.c */ = {isa = PBXFileReference; fileEncoding = 4; lastKnownFileType = sourcecode.c.c; name = ldblib.c; path = ../../../../clibs/lua/ldblib.c; sourceTree = "<group>"; };
		11BA4ED0261E930B008B5776 /* ldump.c */ = {isa = PBXFileReference; fileEncoding = 4; lastKnownFileType = sourcecode.c.c; name = ldump.c; path = ../../../../clibs/lua/ldump.c; sourceTree = "<group>"; };
		11BA4ED1261E930B008B5776 /* lgc.h */ = {isa = PBXFileReference; fileEncoding = 4; lastKnownFileType = sourcecode.c.h; name = lgc.h; path = ../../../../clibs/lua/lgc.h; sourceTree = "<group>"; };
		11BA4ED3261E930B008B5776 /* lgc.c */ = {isa = PBXFileReference; fileEncoding = 4; lastKnownFileType = sourcecode.c.c; name = lgc.c; path = ../../../../clibs/lua/lgc.c; sourceTree = "<group>"; };
		11BA4ED4261E930B008B5776 /* lopcodes.c */ = {isa = PBXFileReference; fileEncoding = 4; lastKnownFileType = sourcecode.c.c; name = lopcodes.c; path = ../../../../clibs/lua/lopcodes.c; sourceTree = "<group>"; };
		11BA4ED6261E930B008B5776 /* ltable.c */ = {isa = PBXFileReference; fileEncoding = 4; lastKnownFileType = sourcecode.c.c; name = ltable.c; path = ../../../../clibs/lua/ltable.c; sourceTree = "<group>"; };
		11BA4ED7261E930B008B5776 /* lua.c */ = {isa = PBXFileReference; fileEncoding = 4; lastKnownFileType = sourcecode.c.c; name = lua.c; path = ../../../../clibs/lua/lua.c; sourceTree = "<group>"; };
		11BA4ED8261E930B008B5776 /* loslib.c */ = {isa = PBXFileReference; fileEncoding = 4; lastKnownFileType = sourcecode.c.c; name = loslib.c; path = ../../../../clibs/lua/loslib.c; sourceTree = "<group>"; };
		11BA4ED9261E930B008B5776 /* lparser.c */ = {isa = PBXFileReference; fileEncoding = 4; lastKnownFileType = sourcecode.c.c; name = lparser.c; path = ../../../../clibs/lua/lparser.c; sourceTree = "<group>"; };
		11BA4EDA261E930B008B5776 /* ltm.h */ = {isa = PBXFileReference; fileEncoding = 4; lastKnownFileType = sourcecode.c.h; name = ltm.h; path = ../../../../clibs/lua/ltm.h; sourceTree = "<group>"; };
		11BA4EDB261E930B008B5776 /* lcode.c */ = {isa = PBXFileReference; fileEncoding = 4; lastKnownFileType = sourcecode.c.c; name = lcode.c; path = ../../../../clibs/lua/lcode.c; sourceTree = "<group>"; };
		11BA4EDC261E930B008B5776 /* lundump.c */ = {isa = PBXFileReference; fileEncoding = 4; lastKnownFileType = sourcecode.c.c; name = lundump.c; path = ../../../../clibs/lua/lundump.c; sourceTree = "<group>"; };
		11BA4EDE261E930B008B5776 /* lparser.h */ = {isa = PBXFileReference; fileEncoding = 4; lastKnownFileType = sourcecode.c.h; name = lparser.h; path = ../../../../clibs/lua/lparser.h; sourceTree = "<group>"; };
		11BA4EE0261E930B008B5776 /* lauxlib.h */ = {isa = PBXFileReference; fileEncoding = 4; lastKnownFileType = sourcecode.c.h; name = lauxlib.h; path = ../../../../clibs/lua/lauxlib.h; sourceTree = "<group>"; };
		11BA4EE1261E930B008B5776 /* lundump.h */ = {isa = PBXFileReference; fileEncoding = 4; lastKnownFileType = sourcecode.c.h; name = lundump.h; path = ../../../../clibs/lua/lundump.h; sourceTree = "<group>"; };
		11BA4EE2261E930B008B5776 /* lstrlib.c */ = {isa = PBXFileReference; fileEncoding = 4; lastKnownFileType = sourcecode.c.c; name = lstrlib.c; path = ../../../../clibs/lua/lstrlib.c; sourceTree = "<group>"; };
		11BA4EE3261E930B008B5776 /* lvm.h */ = {isa = PBXFileReference; fileEncoding = 4; lastKnownFileType = sourcecode.c.h; name = lvm.h; path = ../../../../clibs/lua/lvm.h; sourceTree = "<group>"; };
		11BA4EE4261E930B008B5776 /* ldebug.h */ = {isa = PBXFileReference; fileEncoding = 4; lastKnownFileType = sourcecode.c.h; name = ldebug.h; path = ../../../../clibs/lua/ldebug.h; sourceTree = "<group>"; };
		11BA4EE5261E930B008B5776 /* lmem.h */ = {isa = PBXFileReference; fileEncoding = 4; lastKnownFileType = sourcecode.c.h; name = lmem.h; path = ../../../../clibs/lua/lmem.h; sourceTree = "<group>"; };
		11BA4EE7261E930B008B5776 /* lobject.h */ = {isa = PBXFileReference; fileEncoding = 4; lastKnownFileType = sourcecode.c.h; name = lobject.h; path = ../../../../clibs/lua/lobject.h; sourceTree = "<group>"; };
		11BA4EE8261E930B008B5776 /* lua.hpp */ = {isa = PBXFileReference; fileEncoding = 4; lastKnownFileType = sourcecode.cpp.h; name = lua.hpp; path = ../../../../clibs/lua/lua.hpp; sourceTree = "<group>"; };
		11BA4EE9261E930B008B5776 /* luai_devent.h */ = {isa = PBXFileReference; fileEncoding = 4; lastKnownFileType = sourcecode.c.h; name = luai_devent.h; path = ../../../../clibs/lua/luai_devent.h; sourceTree = "<group>"; };
		11BA4EEA261E930B008B5776 /* lzio.c */ = {isa = PBXFileReference; fileEncoding = 4; lastKnownFileType = sourcecode.c.c; name = lzio.c; path = ../../../../clibs/lua/lzio.c; sourceTree = "<group>"; };
		11BA4EEB261E930B008B5776 /* lstring.c */ = {isa = PBXFileReference; fileEncoding = 4; lastKnownFileType = sourcecode.c.c; name = lstring.c; path = ../../../../clibs/lua/lstring.c; sourceTree = "<group>"; };
		11BA4EEC261E930B008B5776 /* lopnames.h */ = {isa = PBXFileReference; fileEncoding = 4; lastKnownFileType = sourcecode.c.h; name = lopnames.h; path = ../../../../clibs/lua/lopnames.h; sourceTree = "<group>"; };
		11BA4EED261E930B008B5776 /* llex.c */ = {isa = PBXFileReference; fileEncoding = 4; lastKnownFileType = sourcecode.c.c; name = llex.c; path = ../../../../clibs/lua/llex.c; sourceTree = "<group>"; };
		11BA4EEF261E930B008B5776 /* lstate.h */ = {isa = PBXFileReference; fileEncoding = 4; lastKnownFileType = sourcecode.c.h; name = lstate.h; path = ../../../../clibs/lua/lstate.h; sourceTree = "<group>"; };
		11BA4EF0261E930B008B5776 /* ldo.h */ = {isa = PBXFileReference; fileEncoding = 4; lastKnownFileType = sourcecode.c.h; name = ldo.h; path = ../../../../clibs/lua/ldo.h; sourceTree = "<group>"; };
		11BA4EF1261E930B008B5776 /* lapi.c */ = {isa = PBXFileReference; fileEncoding = 4; lastKnownFileType = sourcecode.c.c; name = lapi.c; path = ../../../../clibs/lua/lapi.c; sourceTree = "<group>"; };
		11BA4EF2261E930B008B5776 /* lfunc.c */ = {isa = PBXFileReference; fileEncoding = 4; lastKnownFileType = sourcecode.c.c; name = lfunc.c; path = ../../../../clibs/lua/lfunc.c; sourceTree = "<group>"; };
		11BA4EF3261E930B008B5776 /* lbaselib.c */ = {isa = PBXFileReference; fileEncoding = 4; lastKnownFileType = sourcecode.c.c; name = lbaselib.c; path = ../../../../clibs/lua/lbaselib.c; sourceTree = "<group>"; };
		11BA4EF4261E930B008B5776 /* lstring.h */ = {isa = PBXFileReference; fileEncoding = 4; lastKnownFileType = sourcecode.c.h; name = lstring.h; path = ../../../../clibs/lua/lstring.h; sourceTree = "<group>"; };
		11BA4EF5261E930B008B5776 /* lauxlib.c */ = {isa = PBXFileReference; fileEncoding = 4; lastKnownFileType = sourcecode.c.c; name = lauxlib.c; path = ../../../../clibs/lua/lauxlib.c; sourceTree = "<group>"; };
		11BA4EF6261E930B008B5776 /* lopcodes.h */ = {isa = PBXFileReference; fileEncoding = 4; lastKnownFileType = sourcecode.c.h; name = lopcodes.h; path = ../../../../clibs/lua/lopcodes.h; sourceTree = "<group>"; };
		11BA4EF7261E930B008B5776 /* lcorolib.c */ = {isa = PBXFileReference; fileEncoding = 4; lastKnownFileType = sourcecode.c.c; name = lcorolib.c; path = ../../../../clibs/lua/lcorolib.c; sourceTree = "<group>"; };
		11BA4EF9261E930B008B5776 /* lmathlib.c */ = {isa = PBXFileReference; fileEncoding = 4; lastKnownFileType = sourcecode.c.c; name = lmathlib.c; path = ../../../../clibs/lua/lmathlib.c; sourceTree = "<group>"; };
		11BA4EFA261E930B008B5776 /* linit.c */ = {isa = PBXFileReference; fileEncoding = 4; lastKnownFileType = sourcecode.c.c; name = linit.c; path = ../../../../clibs/lua/linit.c; sourceTree = "<group>"; };
		11BA4EFC261E930C008B5776 /* ltablib.c */ = {isa = PBXFileReference; fileEncoding = 4; lastKnownFileType = sourcecode.c.c; name = ltablib.c; path = ../../../../clibs/lua/ltablib.c; sourceTree = "<group>"; };
		11BA4EFD261E930C008B5776 /* lmem.c */ = {isa = PBXFileReference; fileEncoding = 4; lastKnownFileType = sourcecode.c.c; name = lmem.c; path = ../../../../clibs/lua/lmem.c; sourceTree = "<group>"; };
		11BA4EFE261E930C008B5776 /* lua.h */ = {isa = PBXFileReference; fileEncoding = 4; lastKnownFileType = sourcecode.c.h; name = lua.h; path = ../../../../clibs/lua/lua.h; sourceTree = "<group>"; };
		11BA4EFF261E930C008B5776 /* lutf8lib.c */ = {isa = PBXFileReference; fileEncoding = 4; lastKnownFileType = sourcecode.c.c; name = lutf8lib.c; path = ../../../../clibs/lua/lutf8lib.c; sourceTree = "<group>"; };
		11BA4F00261E930C008B5776 /* ltable.h */ = {isa = PBXFileReference; fileEncoding = 4; lastKnownFileType = sourcecode.c.h; name = ltable.h; path = ../../../../clibs/lua/ltable.h; sourceTree = "<group>"; };
		11BA4F2E261E96FD008B5776 /* lua.entitlements */ = {isa = PBXFileReference; lastKnownFileType = text.plist.entitlements; path = lua.entitlements; sourceTree = "<group>"; };
/* End PBXFileReference section */

/* Begin PBXFrameworksBuildPhase section */
		11BA4EAB261E92CB008B5776 /* Frameworks */ = {
			isa = PBXFrameworksBuildPhase;
			buildActionMask = 2147483647;
			files = (
			);
			runOnlyForDeploymentPostprocessing = 0;
		};
/* End PBXFrameworksBuildPhase section */

/* Begin PBXGroup section */
		11BA4EA5261E92CB008B5776 = {
			isa = PBXGroup;
			children = (
				11BA4EB0261E92CB008B5776 /* lua */,
				11BA4EAF261E92CB008B5776 /* Products */,
			);
			sourceTree = "<group>";
		};
		11BA4EAF261E92CB008B5776 /* Products */ = {
			isa = PBXGroup;
			children = (
				11BA4EAE261E92CB008B5776 /* lua */,
			);
			name = Products;
			sourceTree = "<group>";
		};
		11BA4EB0261E92CB008B5776 /* lua */ = {
			isa = PBXGroup;
			children = (
				11BA4F2E261E96FD008B5776 /* lua.entitlements */,
				11BA4EF1261E930B008B5776 /* lapi.c */,
				11BA4EBD261E930B008B5776 /* lapi.h */,
				11BA4EF5261E930B008B5776 /* lauxlib.c */,
				11BA4EE0261E930B008B5776 /* lauxlib.h */,
				11BA4EF3261E930B008B5776 /* lbaselib.c */,
				11BA4EDB261E930B008B5776 /* lcode.c */,
				11BA4EBE261E930B008B5776 /* lcode.h */,
				11BA4EF7261E930B008B5776 /* lcorolib.c */,
				11BA4EC7261E930B008B5776 /* lctype.c */,
				11BA4ECB261E930B008B5776 /* lctype.h */,
				11BA4ECF261E930B008B5776 /* ldblib.c */,
				11BA4EBC261E930B008B5776 /* ldebug.c */,
				11BA4EE4261E930B008B5776 /* ldebug.h */,
				11BA4ECA261E930B008B5776 /* ldo.c */,
				11BA4EF0261E930B008B5776 /* ldo.h */,
				11BA4ED0261E930B008B5776 /* ldump.c */,
				11BA4EF2261E930B008B5776 /* lfunc.c */,
				11BA4ECD261E930B008B5776 /* lfunc.h */,
				11BA4ED3261E930B008B5776 /* lgc.c */,
				11BA4ED1261E930B008B5776 /* lgc.h */,
				11BA4EFA261E930B008B5776 /* linit.c */,
				11BA4EC9261E930B008B5776 /* liolib.c */,
				11BA4EBF261E930B008B5776 /* ljumptab.h */,
				11BA4EED261E930B008B5776 /* llex.c */,
				11BA4EC5261E930B008B5776 /* llex.h */,
				11BA4EC6261E930B008B5776 /* llimits.h */,
				11BA4EF9261E930B008B5776 /* lmathlib.c */,
				11BA4EFD261E930C008B5776 /* lmem.c */,
				11BA4EE5261E930B008B5776 /* lmem.h */,
				11BA4EC4261E930B008B5776 /* loadlib.c */,
				11BA4EBB261E930B008B5776 /* lobject.c */,
				11BA4EE7261E930B008B5776 /* lobject.h */,
				11BA4ED4261E930B008B5776 /* lopcodes.c */,
				11BA4EF6261E930B008B5776 /* lopcodes.h */,
				11BA4EEC261E930B008B5776 /* lopnames.h */,
				11BA4ED8261E930B008B5776 /* loslib.c */,
				11BA4ED9261E930B008B5776 /* lparser.c */,
				11BA4EDE261E930B008B5776 /* lparser.h */,
				11BA4EC0261E930B008B5776 /* lprefix.h */,
				11BA4EBA261E930B008B5776 /* lstate.c */,
				11BA4EEF261E930B008B5776 /* lstate.h */,
				11BA4EEB261E930B008B5776 /* lstring.c */,
				11BA4EF4261E930B008B5776 /* lstring.h */,
				11BA4EE2261E930B008B5776 /* lstrlib.c */,
				11BA4ED6261E930B008B5776 /* ltable.c */,
				11BA4F00261E930C008B5776 /* ltable.h */,
				11BA4EFC261E930C008B5776 /* ltablib.c */,
				11BA4EC8261E930B008B5776 /* ltm.c */,
				11BA4EDA261E930B008B5776 /* ltm.h */,
				11BA4ED7261E930B008B5776 /* lua.c */,
				11BA4EFE261E930C008B5776 /* lua.h */,
				11BA4EE8261E930B008B5776 /* lua.hpp */,
				11BA4ECC261E930B008B5776 /* luaconf.h */,
				11BA4EE9261E930B008B5776 /* luai_devent.h */,
				11BA4ECE261E930B008B5776 /* lualib.h */,
				11BA4EDC261E930B008B5776 /* lundump.c */,
				11BA4EE1261E930B008B5776 /* lundump.h */,
				11BA4EFF261E930C008B5776 /* lutf8lib.c */,
				11BA4EC2261E930B008B5776 /* lvm.c */,
				11BA4EE3261E930B008B5776 /* lvm.h */,
				11BA4EEA261E930B008B5776 /* lzio.c */,
				11BA4EC1261E930B008B5776 /* lzio.h */,
			);
			path = lua;
			sourceTree = "<group>";
		};
/* End PBXGroup section */

/* Begin PBXNativeTarget section */
		11BA4EAD261E92CB008B5776 /* lua */ = {
			isa = PBXNativeTarget;
			buildConfigurationList = 11BA4EB5261E92CB008B5776 /* Build configuration list for PBXNativeTarget "lua" */;
			buildPhases = (
				11BA4EAA261E92CB008B5776 /* Sources */,
				11BA4EAB261E92CB008B5776 /* Frameworks */,
				11BA4EAC261E92CB008B5776 /* Copy Files */,
			);
			buildRules = (
			);
			dependencies = (
			);
			name = lua;
			productName = lua;
			productReference = 11BA4EAE261E92CB008B5776 /* lua */;
			productType = "com.apple.product-type.tool";
		};
/* End PBXNativeTarget section */

/* Begin PBXProject section */
		11BA4EA6261E92CB008B5776 /* Project object */ = {
			isa = PBXProject;
			attributes = {
				LastUpgradeCheck = 1240;
				TargetAttributes = {
					11BA4EAD261E92CB008B5776 = {
						CreatedOnToolsVersion = 12.4;
					};
				};
			};
			buildConfigurationList = 11BA4EA9261E92CB008B5776 /* Build configuration list for PBXProject "lua" */;
			compatibilityVersion = "Xcode 9.3";
			developmentRegion = en;
			hasScannedForEncodings = 0;
			knownRegions = (
				en,
				Base,
			);
			mainGroup = 11BA4EA5261E92CB008B5776;
			productRefGroup = 11BA4EAF261E92CB008B5776 /* Products */;
			projectDirPath = "";
			projectRoot = "";
			targets = (
				11BA4EAD261E92CB008B5776 /* lua */,
			);
		};
/* End PBXProject section */

/* Begin PBXSourcesBuildPhase section */
		11BA4EAA261E92CB008B5776 /* Sources */ = {
			isa = PBXSourcesBuildPhase;
			buildActionMask = 2147483647;
			files = (
				11BA4F1E261E930C008B5776 /* lfunc.c in Sources */,
				11BA4F12261E930C008B5776 /* loslib.c in Sources */,
				11BA4F23261E930C008B5776 /* linit.c in Sources */,
				11BA4F24261E930C008B5776 /* ltablib.c in Sources */,
				11BA4F09261E930C008B5776 /* liolib.c in Sources */,
				11BA4F22261E930C008B5776 /* lmathlib.c in Sources */,
				11BA4F26261E930C008B5776 /* lutf8lib.c in Sources */,
				11BA4F07261E930C008B5776 /* lctype.c in Sources */,
				11BA4F21261E930C008B5776 /* lcorolib.c in Sources */,
				11BA4F17261E930C008B5776 /* lstrlib.c in Sources */,
				11BA4F06261E930C008B5776 /* loadlib.c in Sources */,
				11BA4F1A261E930C008B5776 /* lstring.c in Sources */,
				11BA4F13261E930C008B5776 /* lparser.c in Sources */,
				11BA4F15261E930C008B5776 /* lundump.c in Sources */,
				11BA4F20261E930C008B5776 /* lauxlib.c in Sources */,
				11BA4F08261E930C008B5776 /* ltm.c in Sources */,
				11BA4F0E261E930C008B5776 /* lgc.c in Sources */,
				11BA4F1B261E930C008B5776 /* llex.c in Sources */,
				11BA4F11261E930C008B5776 /* lua.c in Sources */,
				11BA4F1D261E930C008B5776 /* lapi.c in Sources */,
				11BA4F0F261E930C008B5776 /* lopcodes.c in Sources */,
				11BA4F01261E930C008B5776 /* lstate.c in Sources */,
				11BA4F0C261E930C008B5776 /* ldump.c in Sources */,
				11BA4F04261E930C008B5776 /* lvm.c in Sources */,
				11BA4F25261E930C008B5776 /* lmem.c in Sources */,
				11BA4F0B261E930C008B5776 /* ldblib.c in Sources */,
				11BA4F03261E930C008B5776 /* ldebug.c in Sources */,
				11BA4F10261E930C008B5776 /* ltable.c in Sources */,
				11BA4F1F261E930C008B5776 /* lbaselib.c in Sources */,
				11BA4F19261E930C008B5776 /* lzio.c in Sources */,
				11BA4F02261E930C008B5776 /* lobject.c in Sources */,
				11BA4F0A261E930C008B5776 /* ldo.c in Sources */,
				11BA4F14261E930C008B5776 /* lcode.c in Sources */,
			);
			runOnlyForDeploymentPostprocessing = 0;
		};
/* End PBXSourcesBuildPhase section */

/* Begin XCBuildConfiguration section */
		11BA4EB3261E92CB008B5776 /* Debug */ = {
			isa = XCBuildConfiguration;
			buildSettings = {
				ALWAYS_SEARCH_USER_PATHS = NO;
				CLANG_ANALYZER_NONNULL = YES;
				CLANG_ANALYZER_NUMBER_OBJECT_CONVERSION = YES_AGGRESSIVE;
				CLANG_CXX_LANGUAGE_STANDARD = "gnu++14";
				CLANG_CXX_LIBRARY = "libc++";
				CLANG_ENABLE_MODULES = YES;
				CLANG_ENABLE_OBJC_ARC = YES;
				CLANG_ENABLE_OBJC_WEAK = YES;
				CLANG_WARN_BLOCK_CAPTURE_AUTORELEASING = YES;
				CLANG_WARN_BOOL_CONVERSION = YES;
				CLANG_WARN_COMMA = YES;
				CLANG_WARN_CONSTANT_CONVERSION = YES;
				CLANG_WARN_DEPRECATED_OBJC_IMPLEMENTATIONS = YES;
				CLANG_WARN_DIRECT_OBJC_ISA_USAGE = YES_ERROR;
				CLANG_WARN_DOCUMENTATION_COMMENTS = YES;
				CLANG_WARN_EMPTY_BODY = YES;
				CLANG_WARN_ENUM_CONVERSION = YES;
				CLANG_WARN_INFINITE_RECURSION = YES;
				CLANG_WARN_INT_CONVERSION = YES;
				CLANG_WARN_NON_LITERAL_NULL_CONVERSION = YES;
				CLANG_WARN_OBJC_IMPLICIT_RETAIN_SELF = YES;
				CLANG_WARN_OBJC_LITERAL_CONVERSION = YES;
				CLANG_WARN_OBJC_ROOT_CLASS = YES_ERROR;
				CLANG_WARN_QUOTED_INCLUDE_IN_FRAMEWORK_HEADER = YES;
				CLANG_WARN_RANGE_LOOP_ANALYSIS = YES;
				CLANG_WARN_STRICT_PROTOTYPES = YES;
				CLANG_WARN_SUSPICIOUS_MOVE = YES;
				CLANG_WARN_UNGUARDED_AVAILABILITY = YES_AGGRESSIVE;
				CLANG_WARN_UNREACHABLE_CODE = YES;
				CLANG_WARN__DUPLICATE_METHOD_MATCH = YES;
				COPY_PHASE_STRIP = NO;
				DEBUG_INFORMATION_FORMAT = dwarf;
				ENABLE_STRICT_OBJC_MSGSEND = YES;
				ENABLE_TESTABILITY = YES;
				GCC_C_LANGUAGE_STANDARD = gnu11;
				GCC_DYNAMIC_NO_PIC = NO;
				GCC_NO_COMMON_BLOCKS = YES;
				GCC_OPTIMIZATION_LEVEL = 0;
				GCC_PREPROCESSOR_DEFINITIONS = (
					"DEBUG=1",
					LUA_USE_MACOSX,
					"$(inherited)",
				);
				GCC_WARN_64_TO_32_BIT_CONVERSION = YES;
				GCC_WARN_ABOUT_RETURN_TYPE = YES_ERROR;
				GCC_WARN_UNDECLARED_SELECTOR = YES;
				GCC_WARN_UNINITIALIZED_AUTOS = YES_AGGRESSIVE;
				GCC_WARN_UNUSED_FUNCTION = YES;
				GCC_WARN_UNUSED_VARIABLE = YES;
				MACOSX_DEPLOYMENT_TARGET = 11.1;
				MTL_ENABLE_DEBUG_INFO = INCLUDE_SOURCE;
				MTL_FAST_MATH = YES;
				ONLY_ACTIVE_ARCH = YES;
				SDKROOT = macosx;
			};
			name = Debug;
		};
		11BA4EB4261E92CB008B5776 /* Release */ = {
			isa = XCBuildConfiguration;
			buildSettings = {
				ALWAYS_SEARCH_USER_PATHS = NO;
				CLANG_ANALYZER_NONNULL = YES;
				CLANG_ANALYZER_NUMBER_OBJECT_CONVERSION = YES_AGGRESSIVE;
				CLANG_CXX_LANGUAGE_STANDARD = "gnu++14";
				CLANG_CXX_LIBRARY = "libc++";
				CLANG_ENABLE_MODULES = YES;
				CLANG_ENABLE_OBJC_ARC = YES;
				CLANG_ENABLE_OBJC_WEAK = YES;
				CLANG_WARN_BLOCK_CAPTURE_AUTORELEASING = YES;
				CLANG_WARN_BOOL_CONVERSION = YES;
				CLANG_WARN_COMMA = YES;
				CLANG_WARN_CONSTANT_CONVERSION = YES;
				CLANG_WARN_DEPRECATED_OBJC_IMPLEMENTATIONS = YES;
				CLANG_WARN_DIRECT_OBJC_ISA_USAGE = YES_ERROR;
				CLANG_WARN_DOCUMENTATION_COMMENTS = YES;
				CLANG_WARN_EMPTY_BODY = YES;
				CLANG_WARN_ENUM_CONVERSION = YES;
				CLANG_WARN_INFINITE_RECURSION = YES;
				CLANG_WARN_INT_CONVERSION = YES;
				CLANG_WARN_NON_LITERAL_NULL_CONVERSION = YES;
				CLANG_WARN_OBJC_IMPLICIT_RETAIN_SELF = YES;
				CLANG_WARN_OBJC_LITERAL_CONVERSION = YES;
				CLANG_WARN_OBJC_ROOT_CLASS = YES_ERROR;
				CLANG_WARN_QUOTED_INCLUDE_IN_FRAMEWORK_HEADER = YES;
				CLANG_WARN_RANGE_LOOP_ANALYSIS = YES;
				CLANG_WARN_STRICT_PROTOTYPES = YES;
				CLANG_WARN_SUSPICIOUS_MOVE = YES;
				CLANG_WARN_UNGUARDED_AVAILABILITY = YES_AGGRESSIVE;
				CLANG_WARN_UNREACHABLE_CODE = YES;
				CLANG_WARN__DUPLICATE_METHOD_MATCH = YES;
				COPY_PHASE_STRIP = NO;
				DEBUG_INFORMATION_FORMAT = "dwarf-with-dsym";
				ENABLE_NS_ASSERTIONS = NO;
				ENABLE_STRICT_OBJC_MSGSEND = YES;
				GCC_C_LANGUAGE_STANDARD = gnu11;
				GCC_NO_COMMON_BLOCKS = YES;
				GCC_WARN_64_TO_32_BIT_CONVERSION = YES;
				GCC_WARN_ABOUT_RETURN_TYPE = YES_ERROR;
				GCC_WARN_UNDECLARED_SELECTOR = YES;
				GCC_WARN_UNINITIALIZED_AUTOS = YES_AGGRESSIVE;
				GCC_WARN_UNUSED_FUNCTION = YES;
				GCC_WARN_UNUSED_VARIABLE = YES;
				MACOSX_DEPLOYMENT_TARGET = 11.1;
				MTL_ENABLE_DEBUG_INFO = NO;
				MTL_FAST_MATH = YES;
				SDKROOT = macosx;
			};
			name = Release;
		};
		11BA4EB6261E92CB008B5776 /* Debug */ = {
			isa = XCBuildConfiguration;
			buildSettings = {
				CODE_SIGN_ENTITLEMENTS = lua/lua.entitlements;
				CODE_SIGN_STYLE = Automatic;
				DEVELOPMENT_TEAM = DQSAS4352B;
				ENABLE_HARDENED_RUNTIME = YES;
				INSTALL_PATH = /Users/ejoy/Github/ant/bin/osx/debug;
				PRODUCT_NAME = "$(TARGET_NAME)";
				SYMROOT = ../../bin/osx/debug;
			};
			name = Debug;
		};
		11BA4EB7261E92CB008B5776 /* Release */ = {
			isa = XCBuildConfiguration;
			buildSettings = {
				CODE_SIGN_ENTITLEMENTS = lua/lua.entitlements;
				CODE_SIGN_STYLE = Automatic;
				DEVELOPMENT_TEAM = DQSAS4352B;
				ENABLE_HARDENED_RUNTIME = YES;
				INSTALL_PATH = /Users/ejoy/Github/ant/bin/osx/release;
				PRODUCT_NAME = "$(TARGET_NAME)";
				SYMROOT = ../../bin/osx/release;
			};
			name = Release;
		};
/* End XCBuildConfiguration section */

/* Begin XCConfigurationList section */
		11BA4EA9261E92CB008B5776 /* Build configuration list for PBXProject "lua" */ = {
			isa = XCConfigurationList;
			buildConfigurations = (
				11BA4EB3261E92CB008B5776 /* Debug */,
				11BA4EB4261E92CB008B5776 /* Release */,
			);
			defaultConfigurationIsVisible = 0;
			defaultConfigurationName = Release;
		};
		11BA4EB5261E92CB008B5776 /* Build configuration list for PBXNativeTarget "lua" */ = {
			isa = XCConfigurationList;
			buildConfigurations = (
				11BA4EB6261E92CB008B5776 /* Debug */,
				11BA4EB7261E92CB008B5776 /* Release */,
			);
			defaultConfigurationIsVisible = 0;
			defaultConfigurationName = Release;
		};
/* End XCConfigurationList section */
	};
	rootObject = 11BA4EA6261E92CB008B5776 /* Project object */;
}
